version = 1
revision = 1
requires-python = ">=3.13"

[[package]]
name = "affine"
version = "2.4.0"
source = { registry = "https://pypi.tuna.tsinghua.edu.cn/simple" }
sdist = { url = "https://pypi.tuna.tsinghua.edu.cn/packages/69/98/d2f0bb06385069e799fc7d2870d9e078cfa0fa396dc8a2b81227d0da08b9/affine-2.4.0.tar.gz", hash = "sha256:a24d818d6a836c131976d22f8c27b8d3ca32d0af64c1d8d29deb7bafa4da1eea", size = 17132 }
wheels = [
    { url = "https://pypi.tuna.tsinghua.edu.cn/packages/0b/f7/85273299ab57117850cc0a936c64151171fac4da49bc6fba0dad984a7c5f/affine-2.4.0-py3-none-any.whl", hash = "sha256:8a3df80e2b2378aef598a83c1392efd47967afec4242021a0b06b4c7cbc61a92", size = 15662 },
]

[[package]]
name = "attrs"
version = "25.3.0"
source = { registry = "https://pypi.tuna.tsinghua.edu.cn/simple" }
sdist = { url = "https://pypi.tuna.tsinghua.edu.cn/packages/5a/b0/1367933a8532ee6ff8d63537de4f1177af4bff9f3e829baf7331f595bb24/attrs-25.3.0.tar.gz", hash = "sha256:75d7cefc7fb576747b2c81b4442d4d4a1ce0900973527c011d1030fd3bf4af1b", size = 812032 }
wheels = [
    { url = "https://pypi.tuna.tsinghua.edu.cn/packages/77/06/bb80f5f86020c4551da315d78b3ab75e8228f89f0162f2c3a819e407941a/attrs-25.3.0-py3-none-any.whl", hash = "sha256:427318ce031701fea540783410126f03899a97ffc6f61596ad581ac2e40e3bc3", size = 63815 },
]

[[package]]
name = "certifi"
version = "2025.1.31"
source = { registry = "https://pypi.tuna.tsinghua.edu.cn/simple" }
sdist = { url = "https://pypi.tuna.tsinghua.edu.cn/packages/1c/ab/c9f1e32b7b1bf505bf26f0ef697775960db7932abeb7b516de930ba2705f/certifi-2025.1.31.tar.gz", hash = "sha256:3d5da6925056f6f18f119200434a4780a94263f10d1c21d032a6f6b2baa20651", size = 167577 }
wheels = [
    { url = "https://pypi.tuna.tsinghua.edu.cn/packages/38/fc/bce832fd4fd99766c04d1ee0eead6b0ec6486fb100ae5e74c1d91292b982/certifi-2025.1.31-py3-none-any.whl", hash = "sha256:ca78db4565a652026a4db2bcdf68f2fb589ea80d0be70e03929ed730746b84fe", size = 166393 },
]

[[package]]
name = "click"
version = "8.1.8"
source = { registry = "https://pypi.tuna.tsinghua.edu.cn/simple" }
dependencies = [
    { name = "colorama", marker = "sys_platform == 'win32'" },
]
sdist = { url = "https://pypi.tuna.tsinghua.edu.cn/packages/b9/2e/0090cbf739cee7d23781ad4b89a9894a41538e4fcf4c31dcdd705b78eb8b/click-8.1.8.tar.gz", hash = "sha256:ed53c9d8990d83c2a27deae68e4ee337473f6330c040a31d4225c9574d16096a", size = 226593 }
wheels = [
    { url = "https://pypi.tuna.tsinghua.edu.cn/packages/7e/d4/7ebdbd03970677812aac39c869717059dbb71a4cfc033ca6e5221787892c/click-8.1.8-py3-none-any.whl", hash = "sha256:63c132bbbed01578a06712a2d1f497bb62d9c1c0d329b7903a866228027263b2", size = 98188 },
]

[[package]]
name = "click-plugins"
version = "1.1.1"
source = { registry = "https://pypi.tuna.tsinghua.edu.cn/simple" }
dependencies = [
    { name = "click" },
]
sdist = { url = "https://pypi.tuna.tsinghua.edu.cn/packages/5f/1d/45434f64ed749540af821fd7e42b8e4d23ac04b1eda7c26613288d6cd8a8/click-plugins-1.1.1.tar.gz", hash = "sha256:46ab999744a9d831159c3411bb0c79346d94a444df9a3a3742e9ed63645f264b", size = 8164 }
wheels = [
    { url = "https://pypi.tuna.tsinghua.edu.cn/packages/e9/da/824b92d9942f4e472702488857914bdd50f73021efea15b4cad9aca8ecef/click_plugins-1.1.1-py2.py3-none-any.whl", hash = "sha256:5d262006d3222f5057fd81e1623d4443e41dcda5dc815c06b442aa3c02889fc8", size = 7497 },
]

[[package]]
name = "cligj"
version = "0.7.2"
source = { registry = "https://pypi.tuna.tsinghua.edu.cn/simple" }
dependencies = [
    { name = "click" },
]
sdist = { url = "https://pypi.tuna.tsinghua.edu.cn/packages/ea/0d/837dbd5d8430fd0f01ed72c4cfb2f548180f4c68c635df84ce87956cff32/cligj-0.7.2.tar.gz", hash = "sha256:a4bc13d623356b373c2c27c53dbd9c68cae5d526270bfa71f6c6fa69669c6b27", size = 9803 }
wheels = [
    { url = "https://pypi.tuna.tsinghua.edu.cn/packages/73/86/43fa9f15c5b9fb6e82620428827cd3c284aa933431405d1bcf5231ae3d3e/cligj-0.7.2-py3-none-any.whl", hash = "sha256:c1ca117dbce1fe20a5809dc96f01e1c2840f6dcc939b3ddbb1111bf330ba82df", size = 7069 },
]

[[package]]
name = "cloudpickle"
version = "3.1.1"
source = { registry = "https://pypi.tuna.tsinghua.edu.cn/simple" }
sdist = { url = "https://pypi.tuna.tsinghua.edu.cn/packages/52/39/069100b84d7418bc358d81669d5748efb14b9cceacd2f9c75f550424132f/cloudpickle-3.1.1.tar.gz", hash = "sha256:b216fa8ae4019d5482a8ac3c95d8f6346115d8835911fd4aefd1a445e4242c64", size = 22113 }
wheels = [
    { url = "https://pypi.tuna.tsinghua.edu.cn/packages/7e/e8/64c37fadfc2816a7701fa8a6ed8d87327c7d54eacfbfb6edab14a2f2be75/cloudpickle-3.1.1-py3-none-any.whl", hash = "sha256:c8c5a44295039331ee9dad40ba100a9c7297b6f988e50e87ccdf3765a668350e", size = 20992 },
]

[[package]]
name = "colorama"
version = "0.4.6"
source = { registry = "https://pypi.tuna.tsinghua.edu.cn/simple" }
sdist = { url = "https://pypi.tuna.tsinghua.edu.cn/packages/d8/53/6f443c9a4a8358a93a6792e2acffb9d9d5cb0a5cfd8802644b7b1c9a02e4/colorama-0.4.6.tar.gz", hash = "sha256:08695f5cb7ed6e0531a20572697297273c47b8cae5a63ffc6d6ed5c201be6e44", size = 27697 }
wheels = [
    { url = "https://pypi.tuna.tsinghua.edu.cn/packages/d1/d6/3965ed04c63042e047cb6a3e6ed1a63a35087b6a609aa3a15ed8ac56c221/colorama-0.4.6-py2.py3-none-any.whl", hash = "sha256:4f1d9991f5acc0ca119f9d443620b77f9d6b33703e51011c16baf57afb285fc6", size = 25335 },
]

[[package]]
name = "dask"
version = "2025.2.0"
source = { registry = "https://pypi.tuna.tsinghua.edu.cn/simple" }
dependencies = [
    { name = "click" },
    { name = "cloudpickle" },
    { name = "fsspec" },
    { name = "packaging" },
    { name = "partd" },
    { name = "pyyaml" },
    { name = "toolz" },
]
sdist = { url = "https://pypi.tuna.tsinghua.edu.cn/packages/55/30/ba2d373923cad0e069b50bf27115745fba4fb0a4f53cee7002582cb5cec7/dask-2025.2.0.tar.gz", hash = "sha256:89c87125d04d28141eaccc4794164ce9098163fd22d8ad943db48f8d4c815460", size = 10781637 }
wheels = [
    { url = "https://pypi.tuna.tsinghua.edu.cn/packages/55/4a/738ec3dac7e767c1ba6fbb6ecb908ceda66a1b2f4ee967bc03800fb07630/dask-2025.2.0-py3-none-any.whl", hash = "sha256:f0fdeef6ceb0a06569d456c9e704f220f7f54e80f3a6ea42ab98cea6bc642b6e", size = 1393839 },
]

[[package]]
name = "fsspec"
version = "2025.3.0"
source = { registry = "https://pypi.tuna.tsinghua.edu.cn/simple" }
sdist = { url = "https://pypi.tuna.tsinghua.edu.cn/packages/34/f4/5721faf47b8c499e776bc34c6a8fc17efdf7fdef0b00f398128bc5dcb4ac/fsspec-2025.3.0.tar.gz", hash = "sha256:a935fd1ea872591f2b5148907d103488fc523295e6c64b835cfad8c3eca44972", size = 298491 }
wheels = [
    { url = "https://pypi.tuna.tsinghua.edu.cn/packages/56/53/eb690efa8513166adef3e0669afd31e95ffde69fb3c52ec2ac7223ed6018/fsspec-2025.3.0-py3-none-any.whl", hash = "sha256:efb87af3efa9103f94ca91a7f8cb7a4df91af9f74fc106c9c7ea0efd7277c1b3", size = 193615 },
]

[[package]]
name = "gdal"
version = "3.10.2"
source = { registry = "https://pypi.tuna.tsinghua.edu.cn/simple" }
sdist = { url = "https://pypi.tuna.tsinghua.edu.cn/packages/30/db/6417c83f6e9c4169ebe57cd26e02ad01d1e0dafb9476736481f536c10517/gdal-3.10.2.tar.gz", hash = "sha256:c0cffa8ce9f9c0fa287fcc20b8271c519ca054958420e5880be8bedb432753f4", size = 838054 }

[[package]]
name = "geopandas"
version = "1.0.1"
source = { registry = "https://pypi.tuna.tsinghua.edu.cn/simple" }
dependencies = [
    { name = "numpy" },
    { name = "packaging" },
    { name = "pandas" },
    { name = "pyogrio" },
    { name = "pyproj" },
    { name = "shapely" },
]
sdist = { url = "https://pypi.tuna.tsinghua.edu.cn/packages/39/08/2cf5d85356e45b10b8d066cf4c3ba1e9e3185423c48104eed87e8afd0455/geopandas-1.0.1.tar.gz", hash = "sha256:b8bf70a5534588205b7a56646e2082fb1de9a03599651b3d80c99ea4c2ca08ab", size = 317736 }
wheels = [
    { url = "https://pypi.tuna.tsinghua.edu.cn/packages/c4/64/7d344cfcef5efddf9cf32f59af7f855828e9d74b5f862eddf5bfd9f25323/geopandas-1.0.1-py3-none-any.whl", hash = "sha256:01e147d9420cc374d26f51fc23716ac307f32b49406e4bd8462c07e82ed1d3d6", size = 323587 },
]

[[package]]
name = "h5netcdf"
version = "1.6.1"
source = { registry = "https://pypi.tuna.tsinghua.edu.cn/simple" }
dependencies = [
    { name = "h5py" },
    { name = "packaging" },
]
sdist = { url = "https://pypi.tuna.tsinghua.edu.cn/packages/34/6d/c1b8e48fccbb588c23033bf219a3190a50813857d78a4c1aae2e1f3969e9/h5netcdf-1.6.1.tar.gz", hash = "sha256:7ef4ecd811374d94d29ac5e7f7db71ff59b55ef8eeefbe4ccc2c316853d31894", size = 64456 }
wheels = [
    { url = "https://pypi.tuna.tsinghua.edu.cn/packages/b2/fc/e73747f3dd31906bfbb78c76069f67d91525fefa28492a1f949cbb4a3c7f/h5netcdf-1.6.1-py3-none-any.whl", hash = "sha256:1ec75cabd6ab50c6e7109d0c6595eb2960ba0e79fef2257607ab80838d84e6f6", size = 49561 },
]

[[package]]
name = "h5py"
version = "3.13.0"
source = { registry = "https://pypi.tuna.tsinghua.edu.cn/simple" }
dependencies = [
    { name = "numpy" },
]
sdist = { url = "https://pypi.tuna.tsinghua.edu.cn/packages/03/2e/a22d6a8bfa6f8be33e7febd985680fba531562795f0a9077ed1eb047bfb0/h5py-3.13.0.tar.gz", hash = "sha256:1870e46518720023da85d0895a1960ff2ce398c5671eac3b1a41ec696b7105c3", size = 414876 }
wheels = [
    { url = "https://pypi.tuna.tsinghua.edu.cn/packages/60/43/f276f27921919a9144074320ce4ca40882fc67b3cfee81c3f5c7df083e97/h5py-3.13.0-cp313-cp313-macosx_10_13_x86_64.whl", hash = "sha256:e520ec76de00943dd017c8ea3f354fa1d2f542eac994811943a8faedf2a7d5cb", size = 3358040 },
    { url = "https://pypi.tuna.tsinghua.edu.cn/packages/1b/86/ad4a4cf781b08d4572be8bbdd8f108bb97b266a14835c640dc43dafc0729/h5py-3.13.0-cp313-cp313-macosx_11_0_arm64.whl", hash = "sha256:e79d8368cd9295045956bfb436656bea3f915beaa11d342e9f79f129f5178763", size = 2892766 },
    { url = "https://pypi.tuna.tsinghua.edu.cn/packages/69/84/4c6367d6b58deaf0fa84999ec819e7578eee96cea6cbd613640d0625ed5e/h5py-3.13.0-cp313-cp313-manylinux_2_17_aarch64.manylinux2014_aarch64.whl", hash = "sha256:56dd172d862e850823c4af02dc4ddbc308f042b85472ffdaca67f1598dff4a57", size = 4664255 },
    { url = "https://pypi.tuna.tsinghua.edu.cn/packages/fd/41/bc2df86b72965775f6d621e0ee269a5f3ac23e8f870abf519de9c7d93b4d/h5py-3.13.0-cp313-cp313-manylinux_2_17_x86_64.manylinux2014_x86_64.whl", hash = "sha256:be949b46b7388074c5acae017fbbe3e5ba303fd9daaa52157fdfef30bbdacadd", size = 4927580 },
    { url = "https://pypi.tuna.tsinghua.edu.cn/packages/97/34/165b87ea55184770a0c1fcdb7e017199974ad2e271451fd045cfe35f3add/h5py-3.13.0-cp313-cp313-win_amd64.whl", hash = "sha256:4f97ecde7ac6513b21cd95efdfc38dc6d19f96f6ca6f2a30550e94e551458e0a", size = 2940890 },
]

[[package]]
name = "llvmlite"
version = "0.44.0"
source = { registry = "https://pypi.tuna.tsinghua.edu.cn/simple" }
sdist = { url = "https://pypi.tuna.tsinghua.edu.cn/packages/89/6a/95a3d3610d5c75293d5dbbb2a76480d5d4eeba641557b69fe90af6c5b84e/llvmlite-0.44.0.tar.gz", hash = "sha256:07667d66a5d150abed9157ab6c0b9393c9356f229784a4385c02f99e94fc94d4", size = 171880 }
wheels = [
    { url = "https://pypi.tuna.tsinghua.edu.cn/packages/89/24/4c0ca705a717514c2092b18476e7a12c74d34d875e05e4d742618ebbf449/llvmlite-0.44.0-cp313-cp313-macosx_10_14_x86_64.whl", hash = "sha256:319bddd44e5f71ae2689859b7203080716448a3cd1128fb144fe5c055219d516", size = 28132306 },
    { url = "https://pypi.tuna.tsinghua.edu.cn/packages/01/cf/1dd5a60ba6aee7122ab9243fd614abcf22f36b0437cbbe1ccf1e3391461c/llvmlite-0.44.0-cp313-cp313-macosx_11_0_arm64.whl", hash = "sha256:9c58867118bad04a0bb22a2e0068c693719658105e40009ffe95c7000fcde88e", size = 26201090 },
    { url = "https://pypi.tuna.tsinghua.edu.cn/packages/d2/1b/656f5a357de7135a3777bd735cc7c9b8f23b4d37465505bd0eaf4be9befe/llvmlite-0.44.0-cp313-cp313-manylinux_2_17_x86_64.manylinux2014_x86_64.whl", hash = "sha256:46224058b13c96af1365290bdfebe9a6264ae62fb79b2b55693deed11657a8bf", size = 42361904 },
    { url = "https://pypi.tuna.tsinghua.edu.cn/packages/d8/e1/12c5f20cb9168fb3464a34310411d5ad86e4163c8ff2d14a2b57e5cc6bac/llvmlite-0.44.0-cp313-cp313-manylinux_2_27_aarch64.manylinux_2_28_aarch64.whl", hash = "sha256:aa0097052c32bf721a4efc03bd109d335dfa57d9bffb3d4c24cc680711b8b4fc", size = 41184245 },
    { url = "https://pypi.tuna.tsinghua.edu.cn/packages/d0/81/e66fc86539293282fd9cb7c9417438e897f369e79ffb62e1ae5e5154d4dd/llvmlite-0.44.0-cp313-cp313-win_amd64.whl", hash = "sha256:2fb7c4f2fb86cbae6dca3db9ab203eeea0e22d73b99bc2341cdf9de93612e930", size = 30331193 },
]

[[package]]
name = "locket"
version = "1.0.0"
source = { registry = "https://pypi.tuna.tsinghua.edu.cn/simple" }
sdist = { url = "https://pypi.tuna.tsinghua.edu.cn/packages/2f/83/97b29fe05cb6ae28d2dbd30b81e2e402a3eed5f460c26e9eaa5895ceacf5/locket-1.0.0.tar.gz", hash = "sha256:5c0d4c052a8bbbf750e056a8e65ccd309086f4f0f18a2eac306a8dfa4112a632", size = 4350 }
wheels = [
    { url = "https://pypi.tuna.tsinghua.edu.cn/packages/db/bc/83e112abc66cd466c6b83f99118035867cecd41802f8d044638aa78a106e/locket-1.0.0-py2.py3-none-any.whl", hash = "sha256:b6c819a722f7b6bd955b80781788e4a66a55628b858d347536b7e81325a3a5e3", size = 4398 },
]

[[package]]
name = "numba"
version = "0.61.0"
source = { registry = "https://pypi.tuna.tsinghua.edu.cn/simple" }
dependencies = [
    { name = "llvmlite" },
    { name = "numpy" },
]
sdist = { url = "https://pypi.tuna.tsinghua.edu.cn/packages/3c/88/c13a935f200fda51384411e49840a8e7f70c9cb1ee8d809dd0f2477cf7ef/numba-0.61.0.tar.gz", hash = "sha256:888d2e89b8160899e19591467e8fdd4970e07606e1fbc248f239c89818d5f925", size = 2816484 }
wheels = [
    { url = "https://pypi.tuna.tsinghua.edu.cn/packages/3b/54/71fba18e4af5619f1ea8175ee92e82dd8e220bd6feb8c0153c6b814c8a60/numba-0.61.0-cp313-cp313-macosx_10_14_x86_64.whl", hash = "sha256:b96fafbdcf6f69b69855273e988696aae4974115a815f6818fef4af7afa1f6b8", size = 2768024 },
    { url = "https://pypi.tuna.tsinghua.edu.cn/packages/39/76/2448b43d08e904aad1b1b9cd12835b19411e84a81aa9192f83642a5e0afd/numba-0.61.0-cp313-cp313-macosx_11_0_arm64.whl", hash = "sha256:5f6c452dca1de8e60e593f7066df052dd8da09b243566ecd26d2b796e5d3087d", size = 2769541 },
    { url = "https://pypi.tuna.tsinghua.edu.cn/packages/32/8f/4bb2374247ab988c9eac587b304b2947a36d605b9bb9ba4bf06e955c17d3/numba-0.61.0-cp313-cp313-manylinux2014_x86_64.manylinux_2_17_x86_64.whl", hash = "sha256:44240e694d4aa321430c97b21453e46014fe6c7b8b7d932afa7f6a88cc5d7e5e", size = 3890102 },
    { url = "https://pypi.tuna.tsinghua.edu.cn/packages/ab/bc/dc2d03555289ae5263f65c01d45eb186ce347585c191daf0e60021d5ed39/numba-0.61.0-cp313-cp313-manylinux_2_28_aarch64.whl", hash = "sha256:764f0e47004f126f58c3b28e0a02374c420a9d15157b90806d68590f5c20cc89", size = 3580239 },
    { url = "https://pypi.tuna.tsinghua.edu.cn/packages/61/08/71247ce560d2c222d9ca705c7d3547fc4069b96fc85d71aabeb890befe9f/numba-0.61.0-cp313-cp313-win_amd64.whl", hash = "sha256:074cd38c5b1f9c65a4319d1f3928165f48975ef0537ad43385b2bd908e6e2e35", size = 2828035 },
]

[[package]]
name = "numpy"
version = "2.1.3"
source = { registry = "https://pypi.tuna.tsinghua.edu.cn/simple" }
sdist = { url = "https://pypi.tuna.tsinghua.edu.cn/packages/25/ca/1166b75c21abd1da445b97bf1fa2f14f423c6cfb4fc7c4ef31dccf9f6a94/numpy-2.1.3.tar.gz", hash = "sha256:aa08e04e08aaf974d4458def539dece0d28146d866a39da5639596f4921fd761", size = 20166090 }
wheels = [
    { url = "https://pypi.tuna.tsinghua.edu.cn/packages/4d/0b/620591441457e25f3404c8057eb924d04f161244cb8a3680d529419aa86e/numpy-2.1.3-cp313-cp313-macosx_10_13_x86_64.whl", hash = "sha256:96fe52fcdb9345b7cd82ecd34547fca4321f7656d500eca497eb7ea5a926692f", size = 20836263 },
    { url = "https://pypi.tuna.tsinghua.edu.cn/packages/45/e1/210b2d8b31ce9119145433e6ea78046e30771de3fe353f313b2778142f34/numpy-2.1.3-cp313-cp313-macosx_11_0_arm64.whl", hash = "sha256:f653490b33e9c3a4c1c01d41bc2aef08f9475af51146e4a7710c450cf9761598", size = 13507771 },
    { url = "https://pypi.tuna.tsinghua.edu.cn/packages/55/44/aa9ee3caee02fa5a45f2c3b95cafe59c44e4b278fbbf895a93e88b308555/numpy-2.1.3-cp313-cp313-macosx_14_0_arm64.whl", hash = "sha256:dc258a761a16daa791081d026f0ed4399b582712e6fc887a95af09df10c5ca57", size = 5075805 },
    { url = "https://pypi.tuna.tsinghua.edu.cn/packages/78/d6/61de6e7e31915ba4d87bbe1ae859e83e6582ea14c6add07c8f7eefd8488f/numpy-2.1.3-cp313-cp313-macosx_14_0_x86_64.whl", hash = "sha256:016d0f6f5e77b0f0d45d77387ffa4bb89816b57c835580c3ce8e099ef830befe", size = 6608380 },
    { url = "https://pypi.tuna.tsinghua.edu.cn/packages/3e/46/48bdf9b7241e317e6cf94276fe11ba673c06d1fdf115d8b4ebf616affd1a/numpy-2.1.3-cp313-cp313-manylinux_2_17_aarch64.manylinux2014_aarch64.whl", hash = "sha256:c181ba05ce8299c7aa3125c27b9c2167bca4a4445b7ce73d5febc411ca692e43", size = 13602451 },
    { url = "https://pypi.tuna.tsinghua.edu.cn/packages/70/50/73f9a5aa0810cdccda9c1d20be3cbe4a4d6ea6bfd6931464a44c95eef731/numpy-2.1.3-cp313-cp313-manylinux_2_17_x86_64.manylinux2014_x86_64.whl", hash = "sha256:5641516794ca9e5f8a4d17bb45446998c6554704d888f86df9b200e66bdcce56", size = 16039822 },
    { url = "https://pypi.tuna.tsinghua.edu.cn/packages/ad/cd/098bc1d5a5bc5307cfc65ee9369d0ca658ed88fbd7307b0d49fab6ca5fa5/numpy-2.1.3-cp313-cp313-musllinux_1_1_x86_64.whl", hash = "sha256:ea4dedd6e394a9c180b33c2c872b92f7ce0f8e7ad93e9585312b0c5a04777a4a", size = 16411822 },
    { url = "https://pypi.tuna.tsinghua.edu.cn/packages/83/a2/7d4467a2a6d984549053b37945620209e702cf96a8bc658bc04bba13c9e2/numpy-2.1.3-cp313-cp313-musllinux_1_2_aarch64.whl", hash = "sha256:b0df3635b9c8ef48bd3be5f862cf71b0a4716fa0e702155c45067c6b711ddcef", size = 14079598 },
    { url = "https://pypi.tuna.tsinghua.edu.cn/packages/e9/6a/d64514dcecb2ee70bfdfad10c42b76cab657e7ee31944ff7a600f141d9e9/numpy-2.1.3-cp313-cp313-win32.whl", hash = "sha256:50ca6aba6e163363f132b5c101ba078b8cbd3fa92c7865fd7d4d62d9779ac29f", size = 6236021 },
    { url = "https://pypi.tuna.tsinghua.edu.cn/packages/bb/f9/12297ed8d8301a401e7d8eb6b418d32547f1d700ed3c038d325a605421a4/numpy-2.1.3-cp313-cp313-win_amd64.whl", hash = "sha256:747641635d3d44bcb380d950679462fae44f54b131be347d5ec2bce47d3df9ed", size = 12560405 },
    { url = "https://pypi.tuna.tsinghua.edu.cn/packages/a7/45/7f9244cd792e163b334e3a7f02dff1239d2890b6f37ebf9e82cbe17debc0/numpy-2.1.3-cp313-cp313t-macosx_10_13_x86_64.whl", hash = "sha256:996bb9399059c5b82f76b53ff8bb686069c05acc94656bb259b1d63d04a9506f", size = 20859062 },
    { url = "https://pypi.tuna.tsinghua.edu.cn/packages/b1/b4/a084218e7e92b506d634105b13e27a3a6645312b93e1c699cc9025adb0e1/numpy-2.1.3-cp313-cp313t-macosx_11_0_arm64.whl", hash = "sha256:45966d859916ad02b779706bb43b954281db43e185015df6eb3323120188f9e4", size = 13515839 },
    { url = "https://pypi.tuna.tsinghua.edu.cn/packages/27/45/58ed3f88028dcf80e6ea580311dc3edefdd94248f5770deb980500ef85dd/numpy-2.1.3-cp313-cp313t-macosx_14_0_arm64.whl", hash = "sha256:baed7e8d7481bfe0874b566850cb0b85243e982388b7b23348c6db2ee2b2ae8e", size = 5116031 },
    { url = "https://pypi.tuna.tsinghua.edu.cn/packages/37/a8/eb689432eb977d83229094b58b0f53249d2209742f7de529c49d61a124a0/numpy-2.1.3-cp313-cp313t-macosx_14_0_x86_64.whl", hash = "sha256:a9f7f672a3388133335589cfca93ed468509cb7b93ba3105fce780d04a6576a0", size = 6629977 },
    { url = "https://pypi.tuna.tsinghua.edu.cn/packages/42/a3/5355ad51ac73c23334c7caaed01adadfda49544f646fcbfbb4331deb267b/numpy-2.1.3-cp313-cp313t-manylinux_2_17_aarch64.manylinux2014_aarch64.whl", hash = "sha256:d7aac50327da5d208db2eec22eb11e491e3fe13d22653dce51b0f4109101b408", size = 13575951 },
    { url = "https://pypi.tuna.tsinghua.edu.cn/packages/c4/70/ea9646d203104e647988cb7d7279f135257a6b7e3354ea6c56f8bafdb095/numpy-2.1.3-cp313-cp313t-manylinux_2_17_x86_64.manylinux2014_x86_64.whl", hash = "sha256:4394bc0dbd074b7f9b52024832d16e019decebf86caf909d94f6b3f77a8ee3b6", size = 16022655 },
    { url = "https://pypi.tuna.tsinghua.edu.cn/packages/14/ce/7fc0612903e91ff9d0b3f2eda4e18ef9904814afcae5b0f08edb7f637883/numpy-2.1.3-cp313-cp313t-musllinux_1_1_x86_64.whl", hash = "sha256:50d18c4358a0a8a53f12a8ba9d772ab2d460321e6a93d6064fc22443d189853f", size = 16399902 },
    { url = "https://pypi.tuna.tsinghua.edu.cn/packages/ef/62/1d3204313357591c913c32132a28f09a26357e33ea3c4e2fe81269e0dca1/numpy-2.1.3-cp313-cp313t-musllinux_1_2_aarch64.whl", hash = "sha256:14e253bd43fc6b37af4921b10f6add6925878a42a0c5fe83daee390bca80bc17", size = 14067180 },
    { url = "https://pypi.tuna.tsinghua.edu.cn/packages/24/d7/78a40ed1d80e23a774cb8a34ae8a9493ba1b4271dde96e56ccdbab1620ef/numpy-2.1.3-cp313-cp313t-win32.whl", hash = "sha256:08788d27a5fd867a663f6fc753fd7c3ad7e92747efc73c53bca2f19f8bc06f48", size = 6291907 },
    { url = "https://pypi.tuna.tsinghua.edu.cn/packages/86/09/a5ab407bd7f5f5599e6a9261f964ace03a73e7c6928de906981c31c38082/numpy-2.1.3-cp313-cp313t-win_amd64.whl", hash = "sha256:2564fbdf2b99b3f815f2107c1bbc93e2de8ee655a69c261363a1172a79a257d4", size = 12644098 },
]

[[package]]
name = "packaging"
version = "24.2"
source = { registry = "https://pypi.tuna.tsinghua.edu.cn/simple" }
sdist = { url = "https://pypi.tuna.tsinghua.edu.cn/packages/d0/63/68dbb6eb2de9cb10ee4c9c14a0148804425e13c4fb20d61cce69f53106da/packaging-24.2.tar.gz", hash = "sha256:c228a6dc5e932d346bc5739379109d49e8853dd8223571c7c5b55260edc0b97f", size = 163950 }
wheels = [
    { url = "https://pypi.tuna.tsinghua.edu.cn/packages/88/ef/eb23f262cca3c0c4eb7ab1933c3b1f03d021f2c48f54763065b6f0e321be/packaging-24.2-py3-none-any.whl", hash = "sha256:09abb1bccd265c01f4a3aa3f7a7db064b36514d2cba19a2f694fe6150451a759", size = 65451 },
]

[[package]]
name = "pandas"
version = "2.2.3"
source = { registry = "https://pypi.tuna.tsinghua.edu.cn/simple" }
dependencies = [
    { name = "numpy" },
    { name = "python-dateutil" },
    { name = "pytz" },
    { name = "tzdata" },
]
sdist = { url = "https://pypi.tuna.tsinghua.edu.cn/packages/9c/d6/9f8431bacc2e19dca897724cd097b1bb224a6ad5433784a44b587c7c13af/pandas-2.2.3.tar.gz", hash = "sha256:4f18ba62b61d7e192368b84517265a99b4d7ee8912f8708660fb4a366cc82667", size = 4399213 }
wheels = [
    { url = "https://pypi.tuna.tsinghua.edu.cn/packages/64/22/3b8f4e0ed70644e85cfdcd57454686b9057c6c38d2f74fe4b8bc2527214a/pandas-2.2.3-cp313-cp313-macosx_10_13_x86_64.whl", hash = "sha256:f00d1345d84d8c86a63e476bb4955e46458b304b9575dcf71102b5c705320015", size = 12477643 },
    { url = "https://pypi.tuna.tsinghua.edu.cn/packages/e4/93/b3f5d1838500e22c8d793625da672f3eec046b1a99257666c94446969282/pandas-2.2.3-cp313-cp313-macosx_11_0_arm64.whl", hash = "sha256:3508d914817e153ad359d7e069d752cdd736a247c322d932eb89e6bc84217f28", size = 11281573 },
    { url = "https://pypi.tuna.tsinghua.edu.cn/packages/f5/94/6c79b07f0e5aab1dcfa35a75f4817f5c4f677931d4234afcd75f0e6a66ca/pandas-2.2.3-cp313-cp313-manylinux2014_aarch64.manylinux_2_17_aarch64.whl", hash = "sha256:22a9d949bfc9a502d320aa04e5d02feab689d61da4e7764b62c30b991c42c5f0", size = 15196085 },
    { url = "https://pypi.tuna.tsinghua.edu.cn/packages/e8/31/aa8da88ca0eadbabd0a639788a6da13bb2ff6edbbb9f29aa786450a30a91/pandas-2.2.3-cp313-cp313-manylinux_2_17_x86_64.manylinux2014_x86_64.whl", hash = "sha256:f3a255b2c19987fbbe62a9dfd6cff7ff2aa9ccab3fc75218fd4b7530f01efa24", size = 12711809 },
    { url = "https://pypi.tuna.tsinghua.edu.cn/packages/ee/7c/c6dbdb0cb2a4344cacfb8de1c5808ca885b2e4dcfde8008266608f9372af/pandas-2.2.3-cp313-cp313-musllinux_1_2_aarch64.whl", hash = "sha256:800250ecdadb6d9c78eae4990da62743b857b470883fa27f652db8bdde7f6659", size = 16356316 },
    { url = "https://pypi.tuna.tsinghua.edu.cn/packages/57/b7/8b757e7d92023b832869fa8881a992696a0bfe2e26f72c9ae9f255988d42/pandas-2.2.3-cp313-cp313-musllinux_1_2_x86_64.whl", hash = "sha256:6374c452ff3ec675a8f46fd9ab25c4ad0ba590b71cf0656f8b6daa5202bca3fb", size = 14022055 },
    { url = "https://pypi.tuna.tsinghua.edu.cn/packages/3b/bc/4b18e2b8c002572c5a441a64826252ce5da2aa738855747247a971988043/pandas-2.2.3-cp313-cp313-win_amd64.whl", hash = "sha256:61c5ad4043f791b61dd4752191d9f07f0ae412515d59ba8f005832a532f8736d", size = 11481175 },
    { url = "https://pypi.tuna.tsinghua.edu.cn/packages/76/a3/a5d88146815e972d40d19247b2c162e88213ef51c7c25993942c39dbf41d/pandas-2.2.3-cp313-cp313t-macosx_10_13_x86_64.whl", hash = "sha256:3b71f27954685ee685317063bf13c7709a7ba74fc996b84fc6821c59b0f06468", size = 12615650 },
    { url = "https://pypi.tuna.tsinghua.edu.cn/packages/9c/8c/f0fd18f6140ddafc0c24122c8a964e48294acc579d47def376fef12bcb4a/pandas-2.2.3-cp313-cp313t-macosx_11_0_arm64.whl", hash = "sha256:38cf8125c40dae9d5acc10fa66af8ea6fdf760b2714ee482ca691fc66e6fcb18", size = 11290177 },
    { url = "https://pypi.tuna.tsinghua.edu.cn/packages/ed/f9/e995754eab9c0f14c6777401f7eece0943840b7a9fc932221c19d1abee9f/pandas-2.2.3-cp313-cp313t-manylinux2014_aarch64.manylinux_2_17_aarch64.whl", hash = "sha256:ba96630bc17c875161df3818780af30e43be9b166ce51c9a18c1feae342906c2", size = 14651526 },
    { url = "https://pypi.tuna.tsinghua.edu.cn/packages/25/b0/98d6ae2e1abac4f35230aa756005e8654649d305df9a28b16b9ae4353bff/pandas-2.2.3-cp313-cp313t-manylinux_2_17_x86_64.manylinux2014_x86_64.whl", hash = "sha256:1db71525a1538b30142094edb9adc10be3f3e176748cd7acc2240c2f2e5aa3a4", size = 11871013 },
    { url = "https://pypi.tuna.tsinghua.edu.cn/packages/cc/57/0f72a10f9db6a4628744c8e8f0df4e6e21de01212c7c981d31e50ffc8328/pandas-2.2.3-cp313-cp313t-musllinux_1_2_aarch64.whl", hash = "sha256:15c0e1e02e93116177d29ff83e8b1619c93ddc9c49083f237d4312337a61165d", size = 15711620 },
    { url = "https://pypi.tuna.tsinghua.edu.cn/packages/ab/5f/b38085618b950b79d2d9164a711c52b10aefc0ae6833b96f626b7021b2ed/pandas-2.2.3-cp313-cp313t-musllinux_1_2_x86_64.whl", hash = "sha256:ad5b65698ab28ed8d7f18790a0dc58005c7629f227be9ecc1072aa74c0c1d43a", size = 13098436 },
]

[[package]]
name = "partd"
version = "1.4.2"
source = { registry = "https://pypi.tuna.tsinghua.edu.cn/simple" }
dependencies = [
    { name = "locket" },
    { name = "toolz" },
]
sdist = { url = "https://pypi.tuna.tsinghua.edu.cn/packages/b2/3a/3f06f34820a31257ddcabdfafc2672c5816be79c7e353b02c1f318daa7d4/partd-1.4.2.tar.gz", hash = "sha256:d022c33afbdc8405c226621b015e8067888173d85f7f5ecebb3cafed9a20f02c", size = 21029 }
wheels = [
    { url = "https://pypi.tuna.tsinghua.edu.cn/packages/71/e7/40fb618334dcdf7c5a316c0e7343c5cd82d3d866edc100d98e29bc945ecd/partd-1.4.2-py3-none-any.whl", hash = "sha256:978e4ac767ec4ba5b86c6eaa52e5a2a3bc748a2ca839e8cc798f1cc6ce6efb0f", size = 18905 },
]

[[package]]
name = "pyogrio"
version = "0.10.0"
source = { registry = "https://pypi.tuna.tsinghua.edu.cn/simple" }
dependencies = [
    { name = "certifi" },
    { name = "numpy" },
    { name = "packaging" },
]
sdist = { url = "https://pypi.tuna.tsinghua.edu.cn/packages/a5/8f/5a784595524a79c269f2b1c880f4fdb152867df700c97005dda51997da02/pyogrio-0.10.0.tar.gz", hash = "sha256:ec051cb568324de878828fae96379b71858933413e185148acb6c162851ab23c", size = 281950 }
wheels = [
    { url = "https://pypi.tuna.tsinghua.edu.cn/packages/14/4a/4c8e4f5b9edbca46e0f8d6c1c0b56c0d4af0900c29f4bea22d37853c07f3/pyogrio-0.10.0-cp313-cp313-macosx_12_0_arm64.whl", hash = "sha256:c90478209537a31dcc65664a87a04c094bb0e08efe502908a6682b8cec0259bf", size = 15076879 },
    { url = "https://pypi.tuna.tsinghua.edu.cn/packages/5f/be/7db0644eef9ef3382518399aaf3332827c43018112d2a74f78784fd496ec/pyogrio-0.10.0-cp313-cp313-macosx_12_0_x86_64.whl", hash = "sha256:fec45e1963b7058e5a1aa98598aed07c0858512c833d6aad2c672c3ec98bbf04", size = 16440405 },
    { url = "https://pypi.tuna.tsinghua.edu.cn/packages/96/77/f199230ba86fe88b1f57e71428c169ed982de68a32d6082cd7c12d0f5d55/pyogrio-0.10.0-cp313-cp313-manylinux_2_17_x86_64.manylinux2014_x86_64.whl", hash = "sha256:28cb139f8a5d0365ede602230104b407ae52bb6b55173c8d5a35424d28c4a2c5", size = 23871511 },
    { url = "https://pypi.tuna.tsinghua.edu.cn/packages/25/ac/ca483bec408b59c54f7129b0244cc9de21d8461aefe89ece7bd74ad33807/pyogrio-0.10.0-cp313-cp313-manylinux_2_28_aarch64.whl", hash = "sha256:cea0187fcc2d574e52af8cfab041fa0a7ad71d5ef6b94b49a3f3d2a04534a27e", size = 23048830 },
    { url = "https://pypi.tuna.tsinghua.edu.cn/packages/d7/3e/c35f2d8dad95b24e568c468f09ff60fb61945065465e0ec7868400596566/pyogrio-0.10.0-cp313-cp313-manylinux_2_28_x86_64.whl", hash = "sha256:7c02b207ea8cf09c501ea3e95d29152781a00d3c32267286bc36fa457c332205", size = 23996873 },
    { url = "https://pypi.tuna.tsinghua.edu.cn/packages/27/5d/0deb16d228362a097ee3258d0a887c9c0add4b9678bb4847b08a241e124d/pyogrio-0.10.0-cp313-cp313-win_amd64.whl", hash = "sha256:02e54bcfb305af75f829044b0045f74de31b77c2d6546f7aaf96822066147848", size = 16158260 },
]

[[package]]
name = "pyparsing"
version = "3.2.1"
source = { registry = "https://pypi.tuna.tsinghua.edu.cn/simple" }
sdist = { url = "https://pypi.tuna.tsinghua.edu.cn/packages/8b/1a/3544f4f299a47911c2ab3710f534e52fea62a633c96806995da5d25be4b2/pyparsing-3.2.1.tar.gz", hash = "sha256:61980854fd66de3a90028d679a954d5f2623e83144b5afe5ee86f43d762e5f0a", size = 1067694 }
wheels = [
    { url = "https://pypi.tuna.tsinghua.edu.cn/packages/1c/a7/c8a2d361bf89c0d9577c934ebb7421b25dc84bf3a8e3ac0a40aed9acc547/pyparsing-3.2.1-py3-none-any.whl", hash = "sha256:506ff4f4386c4cec0590ec19e6302d3aedb992fdc02c761e90416f158dacf8e1", size = 107716 },
]

[[package]]
name = "pyproj"
version = "3.7.1"
source = { registry = "https://pypi.tuna.tsinghua.edu.cn/simple" }
dependencies = [
    { name = "certifi" },
]
sdist = { url = "https://pypi.tuna.tsinghua.edu.cn/packages/67/10/a8480ea27ea4bbe896c168808854d00f2a9b49f95c0319ddcbba693c8a90/pyproj-3.7.1.tar.gz", hash = "sha256:60d72facd7b6b79853f19744779abcd3f804c4e0d4fa8815469db20c9f640a47", size = 226339 }
wheels = [
    { url = "https://pypi.tuna.tsinghua.edu.cn/packages/ef/01/984828464c9960036c602753fc0f21f24f0aa9043c18fa3f2f2b66a86340/pyproj-3.7.1-cp313-cp313-macosx_13_0_x86_64.whl", hash = "sha256:5f8d02ef4431dee414d1753d13fa82a21a2f61494737b5f642ea668d76164d6d", size = 6253062 },
    { url = "https://pypi.tuna.tsinghua.edu.cn/packages/68/65/6ecdcdc829811a2c160cdfe2f068a009fc572fd4349664f758ccb0853a7c/pyproj-3.7.1-cp313-cp313-macosx_14_0_arm64.whl", hash = "sha256:0b853ae99bda66cbe24b4ccfe26d70601d84375940a47f553413d9df570065e0", size = 4660548 },
    { url = "https://pypi.tuna.tsinghua.edu.cn/packages/67/da/dda94c4490803679230ba4c17a12f151b307a0d58e8110820405ca2d98db/pyproj-3.7.1-cp313-cp313-manylinux_2_17_aarch64.manylinux2014_aarch64.whl", hash = "sha256:83db380c52087f9e9bdd8a527943b2e7324f275881125e39475c4f9277bdeec4", size = 9662464 },
    { url = "https://pypi.tuna.tsinghua.edu.cn/packages/6f/57/f61b7d22c91ae1d12ee00ac4c0038714e774ebcd851b9133e5f4f930dd40/pyproj-3.7.1-cp313-cp313-manylinux_2_17_x86_64.manylinux2014_x86_64.whl", hash = "sha256:b35ed213892e211a3ce2bea002aa1183e1a2a9b79e51bb3c6b15549a831ae528", size = 9497461 },
    { url = "https://pypi.tuna.tsinghua.edu.cn/packages/b7/f6/932128236f79d2ac7d39fe1a19667fdf7155d9a81d31fb9472a7a497790f/pyproj-3.7.1-cp313-cp313-musllinux_1_2_aarch64.whl", hash = "sha256:a8b15b0463d1303bab113d1a6af2860a0d79013c3a66fcc5475ce26ef717fd4f", size = 10708869 },
    { url = "https://pypi.tuna.tsinghua.edu.cn/packages/1d/0d/07ac7712994454a254c383c0d08aff9916a2851e6512d59da8dc369b1b02/pyproj-3.7.1-cp313-cp313-musllinux_1_2_x86_64.whl", hash = "sha256:87229e42b75e89f4dad6459200f92988c5998dfb093c7c631fb48524c86cd5dc", size = 10729260 },
    { url = "https://pypi.tuna.tsinghua.edu.cn/packages/b0/d0/9c604bc72c37ba69b867b6df724d6a5af6789e8c375022c952f65b2af558/pyproj-3.7.1-cp313-cp313-win32.whl", hash = "sha256:d666c3a3faaf3b1d7fc4a544059c4eab9d06f84a604b070b7aa2f318e227798e", size = 5855462 },
    { url = "https://pypi.tuna.tsinghua.edu.cn/packages/98/df/68a2b7f5fb6400c64aad82d72bcc4bc531775e62eedff993a77c780defd0/pyproj-3.7.1-cp313-cp313-win_amd64.whl", hash = "sha256:d3caac7473be22b6d6e102dde6c46de73b96bc98334e577dfaee9886f102ea2e", size = 6266573 },
]

[[package]]
name = "python-dateutil"
version = "2.9.0.post0"
source = { registry = "https://pypi.tuna.tsinghua.edu.cn/simple" }
dependencies = [
    { name = "six" },
]
sdist = { url = "https://pypi.tuna.tsinghua.edu.cn/packages/66/c0/0c8b6ad9f17a802ee498c46e004a0eb49bc148f2fd230864601a86dcf6db/python-dateutil-2.9.0.post0.tar.gz", hash = "sha256:37dd54208da7e1cd875388217d5e00ebd4179249f90fb72437e91a35459a0ad3", size = 342432 }
wheels = [
    { url = "https://pypi.tuna.tsinghua.edu.cn/packages/ec/57/56b9bcc3c9c6a792fcbaf139543cee77261f3651ca9da0c93f5c1221264b/python_dateutil-2.9.0.post0-py2.py3-none-any.whl", hash = "sha256:a8b2bc7bffae282281c8140a97d3aa9c14da0b136dfe83f850eea9a5f7470427", size = 229892 },
]

[[package]]
name = "pytz"
version = "2025.1"
source = { registry = "https://pypi.tuna.tsinghua.edu.cn/simple" }
sdist = { url = "https://pypi.tuna.tsinghua.edu.cn/packages/5f/57/df1c9157c8d5a05117e455d66fd7cf6dbc46974f832b1058ed4856785d8a/pytz-2025.1.tar.gz", hash = "sha256:c2db42be2a2518b28e65f9207c4d05e6ff547d1efa4086469ef855e4ab70178e", size = 319617 }
wheels = [
    { url = "https://pypi.tuna.tsinghua.edu.cn/packages/eb/38/ac33370d784287baa1c3d538978b5e2ea064d4c1b93ffbd12826c190dd10/pytz-2025.1-py2.py3-none-any.whl", hash = "sha256:89dd22dca55b46eac6eda23b2d72721bf1bdfef212645d81513ef5d03038de57", size = 507930 },
]

[[package]]
name = "pyyaml"
version = "6.0.2"
source = { registry = "https://pypi.tuna.tsinghua.edu.cn/simple" }
sdist = { url = "https://pypi.tuna.tsinghua.edu.cn/packages/54/ed/79a089b6be93607fa5cdaedf301d7dfb23af5f25c398d5ead2525b063e17/pyyaml-6.0.2.tar.gz", hash = "sha256:d584d9ec91ad65861cc08d42e834324ef890a082e591037abe114850ff7bbc3e", size = 130631 }
wheels = [
    { url = "https://pypi.tuna.tsinghua.edu.cn/packages/ef/e3/3af305b830494fa85d95f6d95ef7fa73f2ee1cc8ef5b495c7c3269fb835f/PyYAML-6.0.2-cp313-cp313-macosx_10_13_x86_64.whl", hash = "sha256:efdca5630322a10774e8e98e1af481aad470dd62c3170801852d752aa7a783ba", size = 181309 },
    { url = "https://pypi.tuna.tsinghua.edu.cn/packages/45/9f/3b1c20a0b7a3200524eb0076cc027a970d320bd3a6592873c85c92a08731/PyYAML-6.0.2-cp313-cp313-macosx_11_0_arm64.whl", hash = "sha256:50187695423ffe49e2deacb8cd10510bc361faac997de9efef88badc3bb9e2d1", size = 171679 },
    { url = "https://pypi.tuna.tsinghua.edu.cn/packages/7c/9a/337322f27005c33bcb656c655fa78325b730324c78620e8328ae28b64d0c/PyYAML-6.0.2-cp313-cp313-manylinux_2_17_aarch64.manylinux2014_aarch64.whl", hash = "sha256:0ffe8360bab4910ef1b9e87fb812d8bc0a308b0d0eef8c8f44e0254ab3b07133", size = 733428 },
    { url = "https://pypi.tuna.tsinghua.edu.cn/packages/a3/69/864fbe19e6c18ea3cc196cbe5d392175b4cf3d5d0ac1403ec3f2d237ebb5/PyYAML-6.0.2-cp313-cp313-manylinux_2_17_s390x.manylinux2014_s390x.whl", hash = "sha256:17e311b6c678207928d649faa7cb0d7b4c26a0ba73d41e99c4fff6b6c3276484", size = 763361 },
    { url = "https://pypi.tuna.tsinghua.edu.cn/packages/04/24/b7721e4845c2f162d26f50521b825fb061bc0a5afcf9a386840f23ea19fa/PyYAML-6.0.2-cp313-cp313-manylinux_2_17_x86_64.manylinux2014_x86_64.whl", hash = "sha256:70b189594dbe54f75ab3a1acec5f1e3faa7e8cf2f1e08d9b561cb41b845f69d5", size = 759523 },
    { url = "https://pypi.tuna.tsinghua.edu.cn/packages/2b/b2/e3234f59ba06559c6ff63c4e10baea10e5e7df868092bf9ab40e5b9c56b6/PyYAML-6.0.2-cp313-cp313-musllinux_1_1_aarch64.whl", hash = "sha256:41e4e3953a79407c794916fa277a82531dd93aad34e29c2a514c2c0c5fe971cc", size = 726660 },
    { url = "https://pypi.tuna.tsinghua.edu.cn/packages/fe/0f/25911a9f080464c59fab9027482f822b86bf0608957a5fcc6eaac85aa515/PyYAML-6.0.2-cp313-cp313-musllinux_1_1_x86_64.whl", hash = "sha256:68ccc6023a3400877818152ad9a1033e3db8625d899c72eacb5a668902e4d652", size = 751597 },
    { url = "https://pypi.tuna.tsinghua.edu.cn/packages/14/0d/e2c3b43bbce3cf6bd97c840b46088a3031085179e596d4929729d8d68270/PyYAML-6.0.2-cp313-cp313-win32.whl", hash = "sha256:bc2fa7c6b47d6bc618dd7fb02ef6fdedb1090ec036abab80d4681424b84c1183", size = 140527 },
    { url = "https://pypi.tuna.tsinghua.edu.cn/packages/fa/de/02b54f42487e3d3c6efb3f89428677074ca7bf43aae402517bc7cca949f3/PyYAML-6.0.2-cp313-cp313-win_amd64.whl", hash = "sha256:8388ee1976c416731879ac16da0aff3f63b286ffdd57cdeb95f3f2e085687563", size = 156446 },
]

[[package]]
name = "rasterio"
version = "1.4.3"
source = { registry = "https://pypi.tuna.tsinghua.edu.cn/simple" }
dependencies = [
    { name = "affine" },
    { name = "attrs" },
    { name = "certifi" },
    { name = "click" },
    { name = "click-plugins" },
    { name = "cligj" },
    { name = "numpy" },
    { name = "pyparsing" },
]
sdist = { url = "https://pypi.tuna.tsinghua.edu.cn/packages/de/19/ab4326e419b543da623ce4191f68e3f36a4d9adc64f3df5c78f044d8d9ca/rasterio-1.4.3.tar.gz", hash = "sha256:201f05dbc7c4739dacb2c78a1cf4e09c0b7265b0a4d16ccbd1753ce4f2af350a", size = 442990 }
wheels = [
    { url = "https://pypi.tuna.tsinghua.edu.cn/packages/2e/e0/718c06b825d1f62077913e5bff1e70b71ac673718b135d55a0256d88d4ba/rasterio-1.4.3-cp313-cp313-macosx_10_15_x86_64.whl", hash = "sha256:5d4fcb635379b3d7b2f5e944c153849e3d27e93f35ad73ad4d3f0b8a580f0c8e", size = 21532284 },
    { url = "https://pypi.tuna.tsinghua.edu.cn/packages/bb/a8/3b6b11923300d6835453d1157fabb518338067a67366c5c52e9df9a2314f/rasterio-1.4.3-cp313-cp313-macosx_14_0_arm64.whl", hash = "sha256:98a9c89eade8c779e8ac1e525269faaa18c6b9818fc3c72cfc4627df71c66d0d", size = 18729960 },
    { url = "https://pypi.tuna.tsinghua.edu.cn/packages/05/19/94d6c66184c7d0f9374330c714f62c147dbb53eda9efdcc8fc6e2ac454c5/rasterio-1.4.3-cp313-cp313-manylinux_2_17_x86_64.manylinux2014_x86_64.whl", hash = "sha256:d9bab1a0bb22b8bed1db34b5258db93d790ed4e61ef21ac055a7c6933c8d5e84", size = 22237518 },
    { url = "https://pypi.tuna.tsinghua.edu.cn/packages/df/88/9db5f49ebfdd9c12365e4cac76c34ccb1a642b1c8cbab4124b3c681495de/rasterio-1.4.3-cp313-cp313-win_amd64.whl", hash = "sha256:1839960e2f3057a6daa323ccf67b330f8f2f0dbd4a50cc7031e88e649301c5c0", size = 25424949 },
]

[[package]]
name = "rioxarray"
version = "0.18.2"
source = { registry = "https://pypi.tuna.tsinghua.edu.cn/simple" }
dependencies = [
    { name = "numpy" },
    { name = "packaging" },
    { name = "pyproj" },
    { name = "rasterio" },
    { name = "xarray" },
]
sdist = { url = "https://pypi.tuna.tsinghua.edu.cn/packages/0d/29/6a97e32d53190ce892e4d849615d3fc4b5eaa802b7ae9fe5ed39998f0b8c/rioxarray-0.18.2.tar.gz", hash = "sha256:9237b9f3c26957823dc76f3c972c0f16c2ab178c930e81a4629716b425818ab6", size = 54485 }
wheels = [
    { url = "https://pypi.tuna.tsinghua.edu.cn/packages/fb/b0/2c74f302512fbd24d68fbba0ec6b650b33ef83e398daeb0a2bb1a4cd641c/rioxarray-0.18.2-py3-none-any.whl", hash = "sha256:f351c15fc682081ac2cd2c8db367ef0a7ed5acdea29b9e43a6d7bc2ebc5ec6e5", size = 61943 },
]

[[package]]
name = "shapely"
version = "2.0.7"
source = { registry = "https://pypi.tuna.tsinghua.edu.cn/simple" }
dependencies = [
    { name = "numpy" },
]
sdist = { url = "https://pypi.tuna.tsinghua.edu.cn/packages/21/c0/a911d1fd765d07a2b6769ce155219a281bfbe311584ebe97340d75c5bdb1/shapely-2.0.7.tar.gz", hash = "sha256:28fe2997aab9a9dc026dc6a355d04e85841546b2a5d232ed953e3321ab958ee5", size = 283413 }
wheels = [
    { url = "https://pypi.tuna.tsinghua.edu.cn/packages/c6/21/abea43effbfe11f792e44409ee9ad7635aa93ef1c8ada0ef59b3c1c3abad/shapely-2.0.7-cp313-cp313-macosx_10_13_x86_64.whl", hash = "sha256:a0c09e3e02f948631c7763b4fd3dd175bc45303a0ae04b000856dedebefe13cb", size = 1481618 },
    { url = "https://pypi.tuna.tsinghua.edu.cn/packages/d9/71/af688798da36fe355a6e6ffe1d4628449cb5fa131d57fc169bcb614aeee7/shapely-2.0.7-cp313-cp313-macosx_11_0_arm64.whl", hash = "sha256:06ff6020949b44baa8fc2e5e57e0f3d09486cd5c33b47d669f847c54136e7027", size = 1345159 },
    { url = "https://pypi.tuna.tsinghua.edu.cn/packages/67/47/f934fe2b70d31bb9774ad4376e34f81666deed6b811306ff574faa3d115e/shapely-2.0.7-cp313-cp313-manylinux_2_17_aarch64.manylinux2014_aarch64.whl", hash = "sha256:5d6dbf096f961ca6bec5640e22e65ccdec11e676344e8157fe7d636e7904fd36", size = 2410267 },
    { url = "https://pypi.tuna.tsinghua.edu.cn/packages/f5/8a/2545cc2a30afc63fc6176c1da3b76af28ef9c7358ed4f68f7c6a9d86cf5b/shapely-2.0.7-cp313-cp313-manylinux_2_17_x86_64.manylinux2014_x86_64.whl", hash = "sha256:adeddfb1e22c20548e840403e5e0b3d9dc3daf66f05fa59f1fcf5b5f664f0e98", size = 2514128 },
    { url = "https://pypi.tuna.tsinghua.edu.cn/packages/87/54/2344ce7da39676adec94e84fbaba92a8f1664e4ae2d33bd404dafcbe607f/shapely-2.0.7-cp313-cp313-win32.whl", hash = "sha256:a7f04691ce1c7ed974c2f8b34a1fe4c3c5dfe33128eae886aa32d730f1ec1913", size = 1295783 },
    { url = "https://pypi.tuna.tsinghua.edu.cn/packages/d7/1e/6461e5cfc8e73ae165b8cff6eb26a4d65274fad0e1435137c5ba34fe4e88/shapely-2.0.7-cp313-cp313-win_amd64.whl", hash = "sha256:aaaf5f7e6cc234c1793f2a2760da464b604584fb58c6b6d7d94144fd2692d67e", size = 1442300 },
]

[[package]]
name = "six"
version = "1.17.0"
source = { registry = "https://pypi.tuna.tsinghua.edu.cn/simple" }
sdist = { url = "https://pypi.tuna.tsinghua.edu.cn/packages/94/e7/b2c673351809dca68a0e064b6af791aa332cf192da575fd474ed7d6f16a2/six-1.17.0.tar.gz", hash = "sha256:ff70335d468e7eb6ec65b95b99d3a2836546063f63acc5171de367e834932a81", size = 34031 }
wheels = [
    { url = "https://pypi.tuna.tsinghua.edu.cn/packages/b7/ce/149a00dd41f10bc29e5921b496af8b574d8413afcd5e30dfa0ed46c2cc5e/six-1.17.0-py2.py3-none-any.whl", hash = "sha256:4721f391ed90541fddacab5acf947aa0d3dc7d27b2e1e8eda2be8970586c3274", size = 11050 },
]

[[package]]
name = "tiff-nc"
version = "0.8.2"
source = { editable = "." }
dependencies = [
    { name = "dask" },
    { name = "gdal" },
    { name = "geopandas" },
    { name = "h5netcdf" },
    { name = "numba" },
    { name = "pyogrio" },
    { name = "rioxarray" },
    { name = "xarray" },
]

[package.metadata]
requires-dist = [
    { name = "dask", specifier = ">=2025.2.0" },
    { name = "gdal", specifier = ">=3.10.2" },
    { name = "geopandas", specifier = ">=1.0.1" },
    { name = "h5netcdf", specifier = ">=1.6.1" },
    { name = "numba", specifier = ">=0.61.0" },
    { name = "pyogrio", specifier = ">=0.10.0" },
    { name = "rioxarray", specifier = ">=0.18.2" },
    { name = "xarray", specifier = ">=2025.1.2" },
]

[[package]]
name = "toolz"
version = "1.0.0"
source = { registry = "https://pypi.tuna.tsinghua.edu.cn/simple" }
sdist = { url = "https://pypi.tuna.tsinghua.edu.cn/packages/8a/0b/d80dfa675bf592f636d1ea0b835eab4ec8df6e9415d8cfd766df54456123/toolz-1.0.0.tar.gz", hash = "sha256:2c86e3d9a04798ac556793bced838816296a2f085017664e4995cb40a1047a02", size = 66790 }
wheels = [
    { url = "https://pypi.tuna.tsinghua.edu.cn/packages/03/98/eb27cc78ad3af8e302c9d8ff4977f5026676e130d28dd7578132a457170c/toolz-1.0.0-py3-none-any.whl", hash = "sha256:292c8f1c4e7516bf9086f8850935c799a874039c8bcf959d47b600e4c44a6236", size = 56383 },
]

[[package]]
name = "tzdata"
version = "2025.1"
source = { registry = "https://pypi.tuna.tsinghua.edu.cn/simple" }
sdist = { url = "https://pypi.tuna.tsinghua.edu.cn/packages/43/0f/fa4723f22942480be4ca9527bbde8d43f6c3f2fe8412f00e7f5f6746bc8b/tzdata-2025.1.tar.gz", hash = "sha256:24894909e88cdb28bd1636c6887801df64cb485bd593f2fd83ef29075a81d694", size = 194950 }
wheels = [
    { url = "https://pypi.tuna.tsinghua.edu.cn/packages/0f/dd/84f10e23edd882c6f968c21c2434fe67bd4a528967067515feca9e611e5e/tzdata-2025.1-py2.py3-none-any.whl", hash = "sha256:7e127113816800496f027041c570f50bcd464a020098a3b6b199517772303639", size = 346762 },
]

[[package]]
name = "xarray"
version = "2025.1.2"
source = { registry = "https://pypi.tuna.tsinghua.edu.cn/simple" }
dependencies = [
    { name = "numpy" },
    { name = "packaging" },
    { name = "pandas" },
]
sdist = { url = "https://pypi.tuna.tsinghua.edu.cn/packages/89/c0/edb2f6cfafa5369106f927409f6211141c3296c14877cc634d8ee4c970a4/xarray-2025.1.2.tar.gz", hash = "sha256:e7675c79ac69d274dd3b3c5450ce57176928d2792947576251ed1c7df1783224", size = 3271214 }
wheels = [
    { url = "https://pypi.tuna.tsinghua.edu.cn/packages/05/79/4e19100342fe13d69fd6e77b343e2269924fec681258e2ea21b55576aad2/xarray-2025.1.2-py3-none-any.whl", hash = "sha256:a7ad6a36c6e0becd67f8aff6a7808d20e4bdcd344debb5205f0a34b1a4a7f8d6", size = 1247773 },
]
