version = 1
revision = 1
requires-python = ">=3.9"
resolution-markers = [
    "python_full_version >= '3.10'",
    "python_full_version < '3.10'",
]

[[package]]
name = "aws-sqs-consumer"
version = "0.0.15"
source = { registry = "https://pypi.org/simple" }
dependencies = [
    { name = "boto3" },
    { name = "botocore" },
    { name = "single-source" },
]
sdist = { url = "https://files.pythonhosted.org/packages/d5/fe/ed833e3ee84325c65a2df66c638ff9623d39c305ccc5754fc8b80d3a7d79/aws_sqs_consumer-0.0.15.tar.gz", hash = "sha256:ef6c29b3e53f3a9fc319f375c0e46226c9b1be9aa48feb9da0b7f3d9adaebe0e", size = 4341 }
wheels = [
    { url = "https://files.pythonhosted.org/packages/45/9d/e578e33ff13dac87796df5a2aeec5555ba2a20995a84992c82f644f9c99e/aws_sqs_consumer-0.0.15-py3-none-any.whl", hash = "sha256:935c9ab3057f2d8965422f392e3b2e183a40485d983f2724adfd1fba8196e112", size = 5479 },
]

[[package]]
name = "boto3"
version = "1.37.19"
source = { registry = "https://pypi.org/simple" }
dependencies = [
    { name = "botocore" },
    { name = "jmespath" },
    { name = "s3transfer" },
]
sdist = { url = "https://files.pythonhosted.org/packages/c2/03/43244d4c6b67f34a979d2805ebb4f63c29b9aef3683ad179470fea52a5f3/boto3-1.37.19.tar.gz", hash = "sha256:c69c90500f18fd72d782d1612170b7d3db9a98ed51a4da3bebe38e693497ebf8", size = 111363 }
wheels = [
    { url = "https://files.pythonhosted.org/packages/e6/bb/7f3d90cc732c8c2f0dc971fa910b601f3c9bbe56df518f037653baf8ade3/boto3-1.37.19-py3-none-any.whl", hash = "sha256:fbfc2c43ad686b63c8aa02aee634c269f856eed68941d8e570cc45950be52130", size = 139560 },
]

[[package]]
name = "botocore"
version = "1.37.19"
source = { registry = "https://pypi.org/simple" }
dependencies = [
    { name = "jmespath" },
    { name = "python-dateutil" },
    { name = "urllib3", version = "1.26.20", source = { registry = "https://pypi.org/simple" }, marker = "python_full_version < '3.10'" },
    { name = "urllib3", version = "2.3.0", source = { registry = "https://pypi.org/simple" }, marker = "python_full_version >= '3.10'" },
]
sdist = { url = "https://files.pythonhosted.org/packages/a5/4a/cf22a677045a02cf769d8126ce25572695508e4bd5d7f6fe984dc5d23c76/botocore-1.37.19.tar.gz", hash = "sha256:eadcdc37de09df25cf1e62e8106660c61f60a68e984acfc1a8d43fb6267e53b8", size = 13667634 }
wheels = [
    { url = "https://files.pythonhosted.org/packages/b4/10/f2482186a83deb8fc45cf46e5455e501e0b2db9565251e66998a80b89aaf/botocore-1.37.19-py3-none-any.whl", hash = "sha256:6e1337e73a6b8146c1ec20a6a72d67e2809bd4c0af076431fe6e1561e0c89415", size = 13429649 },
]

[[package]]
name = "defix-package-queues"
version = "0.1.2"
source = { editable = "." }
dependencies = [
    { name = "aws-sqs-consumer" },
]

[package.metadata]
requires-dist = [{ name = "aws-sqs-consumer", specifier = ">=0.0.15" }]

[[package]]
name = "jmespath"
version = "1.0.1"
source = { registry = "https://pypi.org/simple" }
sdist = { url = "https://files.pythonhosted.org/packages/00/2a/e867e8531cf3e36b41201936b7fa7ba7b5702dbef42922193f05c8976cd6/jmespath-1.0.1.tar.gz", hash = "sha256:90261b206d6defd58fdd5e85f478bf633a2901798906be2ad389150c5c60edbe", size = 25843 }
wheels = [
    { url = "https://files.pythonhosted.org/packages/31/b4/b9b800c45527aadd64d5b442f9b932b00648617eb5d63d2c7a6587b7cafc/jmespath-1.0.1-py3-none-any.whl", hash = "sha256:02e2e4cc71b5bcab88332eebf907519190dd9e6e82107fa7f83b1003a6252980", size = 20256 },
]

[[package]]
name = "python-dateutil"
version = "2.9.0.post0"
source = { registry = "https://pypi.org/simple" }
dependencies = [
    { name = "six" },
]
sdist = { url = "https://files.pythonhosted.org/packages/66/c0/0c8b6ad9f17a802ee498c46e004a0eb49bc148f2fd230864601a86dcf6db/python-dateutil-2.9.0.post0.tar.gz", hash = "sha256:37dd54208da7e1cd875388217d5e00ebd4179249f90fb72437e91a35459a0ad3", size = 342432 }
wheels = [
    { url = "https://files.pythonhosted.org/packages/ec/57/56b9bcc3c9c6a792fcbaf139543cee77261f3651ca9da0c93f5c1221264b/python_dateutil-2.9.0.post0-py2.py3-none-any.whl", hash = "sha256:a8b2bc7bffae282281c8140a97d3aa9c14da0b136dfe83f850eea9a5f7470427", size = 229892 },
]

[[package]]
name = "s3transfer"
version = "0.11.4"
source = { registry = "https://pypi.org/simple" }
dependencies = [
    { name = "botocore" },
]
sdist = { url = "https://files.pythonhosted.org/packages/0f/ec/aa1a215e5c126fe5decbee2e107468f51d9ce190b9763cb649f76bb45938/s3transfer-0.11.4.tar.gz", hash = "sha256:559f161658e1cf0a911f45940552c696735f5c74e64362e515f333ebed87d679", size = 148419 }
wheels = [
    { url = "https://files.pythonhosted.org/packages/86/62/8d3fc3ec6640161a5649b2cddbbf2b9fa39c92541225b33f117c37c5a2eb/s3transfer-0.11.4-py3-none-any.whl", hash = "sha256:ac265fa68318763a03bf2dc4f39d5cbd6a9e178d81cc9483ad27da33637e320d", size = 84412 },
]

[[package]]
name = "single-source"
version = "0.2.0"
source = { registry = "https://pypi.org/simple" }
sdist = { url = "https://files.pythonhosted.org/packages/83/69/3200540b0c4906e2756e39abda7409bf0b4b3fc6e873d229df2f778c3cd6/single-source-0.2.0.tar.gz", hash = "sha256:f40f94c7f2e72c854b9c0c6f7d6b545d74ada9ebd454f9f07f8fb743b22bccf5", size = 5549 }
wheels = [
    { url = "https://files.pythonhosted.org/packages/6b/69/ff73f825a827bf2a3c73ddc70e7ee7e5d0256901eedd3141319ceaa3ed26/single_source-0.2.0-py3-none-any.whl", hash = "sha256:82c55b00515a30c8f7c262b986a399ca023911ebb6a86f0953d4c50448c36b16", size = 5677 },
]

[[package]]
name = "six"
version = "1.17.0"
source = { registry = "https://pypi.org/simple" }
sdist = { url = "https://files.pythonhosted.org/packages/94/e7/b2c673351809dca68a0e064b6af791aa332cf192da575fd474ed7d6f16a2/six-1.17.0.tar.gz", hash = "sha256:ff70335d468e7eb6ec65b95b99d3a2836546063f63acc5171de367e834932a81", size = 34031 }
wheels = [
    { url = "https://files.pythonhosted.org/packages/b7/ce/149a00dd41f10bc29e5921b496af8b574d8413afcd5e30dfa0ed46c2cc5e/six-1.17.0-py2.py3-none-any.whl", hash = "sha256:4721f391ed90541fddacab5acf947aa0d3dc7d27b2e1e8eda2be8970586c3274", size = 11050 },
]

[[package]]
name = "urllib3"
version = "1.26.20"
source = { registry = "https://pypi.org/simple" }
resolution-markers = [
    "python_full_version < '3.10'",
]
sdist = { url = "https://files.pythonhosted.org/packages/e4/e8/6ff5e6bc22095cfc59b6ea711b687e2b7ed4bdb373f7eeec370a97d7392f/urllib3-1.26.20.tar.gz", hash = "sha256:40c2dc0c681e47eb8f90e7e27bf6ff7df2e677421fd46756da1161c39ca70d32", size = 307380 }
wheels = [
    { url = "https://files.pythonhosted.org/packages/33/cf/8435d5a7159e2a9c83a95896ed596f68cf798005fe107cc655b5c5c14704/urllib3-1.26.20-py2.py3-none-any.whl", hash = "sha256:0ed14ccfbf1c30a9072c7ca157e4319b70d65f623e91e7b32fadb2853431016e", size = 144225 },
]

[[package]]
name = "urllib3"
version = "2.3.0"
source = { registry = "https://pypi.org/simple" }
resolution-markers = [
    "python_full_version >= '3.10'",
]
sdist = { url = "https://files.pythonhosted.org/packages/aa/63/e53da845320b757bf29ef6a9062f5c669fe997973f966045cb019c3f4b66/urllib3-2.3.0.tar.gz", hash = "sha256:f8c5449b3cf0861679ce7e0503c7b44b5ec981bec0d1d3795a07f1ba96f0204d", size = 307268 }
wheels = [
    { url = "https://files.pythonhosted.org/packages/c8/19/4ec628951a74043532ca2cf5d97b7b14863931476d117c471e8e2b1eb39f/urllib3-2.3.0-py3-none-any.whl", hash = "sha256:1cee9ad369867bfdbbb48b7dd50374c0967a0bb7710050facf0dd6911440e3df", size = 128369 },
]
