version = 1
revision = 3
requires-python = "==3.11.*"

[[package]]
name = "brotli"
version = "1.1.0"
source = { registry = "https://pypi.org/simple" }
sdist = { url = "https://files.pythonhosted.org/packages/2f/c2/f9e977608bdf958650638c3f1e28f85a1b075f075ebbe77db8555463787b/Brotli-1.1.0.tar.gz", hash = "sha256:81de08ac11bcb85841e440c13611c00b67d3bf82698314928d0b676362546724", size = 7372270 }
wheels = [
    { url = "https://files.pythonhosted.org/packages/96/12/ad41e7fadd5db55459c4c401842b47f7fee51068f86dd2894dd0dcfc2d2a/Brotli-1.1.0-cp311-cp311-macosx_10_9_universal2.whl", hash = "sha256:a3daabb76a78f829cafc365531c972016e4aa8d5b4bf60660ad8ecee19df7ccc", size = 873068 },
    { url = "https://files.pythonhosted.org/packages/95/4e/5afab7b2b4b61a84e9c75b17814198ce515343a44e2ed4488fac314cd0a9/Brotli-1.1.0-cp311-cp311-macosx_10_9_x86_64.whl", hash = "sha256:c8146669223164fc87a7e3de9f81e9423c67a79d6b3447994dfb9c95da16e2d6", size = 446244 },
    { url = "https://files.pythonhosted.org/packages/9d/e6/f305eb61fb9a8580c525478a4a34c5ae1a9bcb12c3aee619114940bc513d/Brotli-1.1.0-cp311-cp311-manylinux_2_17_aarch64.manylinux2014_aarch64.whl", hash = "sha256:30924eb4c57903d5a7526b08ef4a584acc22ab1ffa085faceb521521d2de32dd", size = 2906500 },
    { url = "https://files.pythonhosted.org/packages/3e/4f/af6846cfbc1550a3024e5d3775ede1e00474c40882c7bf5b37a43ca35e91/Brotli-1.1.0-cp311-cp311-manylinux_2_17_ppc64le.manylinux2014_ppc64le.whl", hash = "sha256:ceb64bbc6eac5a140ca649003756940f8d6a7c444a68af170b3187623b43bebf", size = 2943950 },
    { url = "https://files.pythonhosted.org/packages/b3/e7/ca2993c7682d8629b62630ebf0d1f3bb3d579e667ce8e7ca03a0a0576a2d/Brotli-1.1.0-cp311-cp311-manylinux_2_17_x86_64.manylinux2014_x86_64.whl", hash = "sha256:a469274ad18dc0e4d316eefa616d1d0c2ff9da369af19fa6f3daa4f09671fd61", size = 2918527 },
    { url = "https://files.pythonhosted.org/packages/b3/96/da98e7bedc4c51104d29cc61e5f449a502dd3dbc211944546a4cc65500d3/Brotli-1.1.0-cp311-cp311-manylinux_2_5_i686.manylinux1_i686.manylinux_2_17_i686.manylinux2014_i686.whl", hash = "sha256:524f35912131cc2cabb00edfd8d573b07f2d9f21fa824bd3fb19725a9cf06327", size = 2845489 },
    { url = "https://files.pythonhosted.org/packages/e8/ef/ccbc16947d6ce943a7f57e1a40596c75859eeb6d279c6994eddd69615265/Brotli-1.1.0-cp311-cp311-musllinux_1_1_aarch64.whl", hash = "sha256:5b3cc074004d968722f51e550b41a27be656ec48f8afaeeb45ebf65b561481dd", size = 2914080 },
    { url = "https://files.pythonhosted.org/packages/80/d6/0bd38d758d1afa62a5524172f0b18626bb2392d717ff94806f741fcd5ee9/Brotli-1.1.0-cp311-cp311-musllinux_1_1_i686.whl", hash = "sha256:19c116e796420b0cee3da1ccec3b764ed2952ccfcc298b55a10e5610ad7885f9", size = 2813051 },
    { url = "https://files.pythonhosted.org/packages/14/56/48859dd5d129d7519e001f06dcfbb6e2cf6db92b2702c0c2ce7d97e086c1/Brotli-1.1.0-cp311-cp311-musllinux_1_1_ppc64le.whl", hash = "sha256:510b5b1bfbe20e1a7b3baf5fed9e9451873559a976c1a78eebaa3b86c57b4265", size = 2938172 },
    { url = "https://files.pythonhosted.org/packages/3d/77/a236d5f8cd9e9f4348da5acc75ab032ab1ab2c03cc8f430d24eea2672888/Brotli-1.1.0-cp311-cp311-musllinux_1_1_x86_64.whl", hash = "sha256:a1fd8a29719ccce974d523580987b7f8229aeace506952fa9ce1d53a033873c8", size = 2933023 },
    { url = "https://files.pythonhosted.org/packages/f1/87/3b283efc0f5cb35f7f84c0c240b1e1a1003a5e47141a4881bf87c86d0ce2/Brotli-1.1.0-cp311-cp311-musllinux_1_2_aarch64.whl", hash = "sha256:c247dd99d39e0338a604f8c2b3bc7061d5c2e9e2ac7ba9cc1be5a69cb6cd832f", size = 2935871 },
    { url = "https://files.pythonhosted.org/packages/f3/eb/2be4cc3e2141dc1a43ad4ca1875a72088229de38c68e842746b342667b2a/Brotli-1.1.0-cp311-cp311-musllinux_1_2_i686.whl", hash = "sha256:1b2c248cd517c222d89e74669a4adfa5577e06ab68771a529060cf5a156e9757", size = 2847784 },
    { url = "https://files.pythonhosted.org/packages/66/13/b58ddebfd35edde572ccefe6890cf7c493f0c319aad2a5badee134b4d8ec/Brotli-1.1.0-cp311-cp311-musllinux_1_2_ppc64le.whl", hash = "sha256:2a24c50840d89ded6c9a8fdc7b6ed3692ed4e86f1c4a4a938e1e92def92933e0", size = 3034905 },
    { url = "https://files.pythonhosted.org/packages/84/9c/bc96b6c7db824998a49ed3b38e441a2cae9234da6fa11f6ed17e8cf4f147/Brotli-1.1.0-cp311-cp311-musllinux_1_2_x86_64.whl", hash = "sha256:f31859074d57b4639318523d6ffdca586ace54271a73ad23ad021acd807eb14b", size = 2929467 },
    { url = "https://files.pythonhosted.org/packages/e7/71/8f161dee223c7ff7fea9d44893fba953ce97cf2c3c33f78ba260a91bcff5/Brotli-1.1.0-cp311-cp311-win32.whl", hash = "sha256:39da8adedf6942d76dc3e46653e52df937a3c4d6d18fdc94a7c29d263b1f5b50", size = 333169 },
    { url = "https://files.pythonhosted.org/packages/02/8a/fece0ee1057643cb2a5bbf59682de13f1725f8482b2c057d4e799d7ade75/Brotli-1.1.0-cp311-cp311-win_amd64.whl", hash = "sha256:aac0411d20e345dc0920bdec5548e438e999ff68d77564d5e9463a7ca9d3e7b1", size = 357253 },
]

[[package]]
name = "brotlicffi"
version = "1.1.0.0"
source = { registry = "https://pypi.org/simple" }
dependencies = [
    { name = "cffi" },
]
sdist = { url = "https://files.pythonhosted.org/packages/95/9d/70caa61192f570fcf0352766331b735afa931b4c6bc9a348a0925cc13288/brotlicffi-1.1.0.0.tar.gz", hash = "sha256:b77827a689905143f87915310b93b273ab17888fd43ef350d4832c4a71083c13", size = 465192 }
wheels = [
    { url = "https://files.pythonhosted.org/packages/a2/11/7b96009d3dcc2c931e828ce1e157f03824a69fb728d06bfd7b2fc6f93718/brotlicffi-1.1.0.0-cp37-abi3-macosx_10_9_x86_64.whl", hash = "sha256:9b7ae6bd1a3f0df532b6d67ff674099a96d22bc0948955cb338488c31bfb8851", size = 453786 },
    { url = "https://files.pythonhosted.org/packages/d6/e6/a8f46f4a4ee7856fbd6ac0c6fb0dc65ed181ba46cd77875b8d9bbe494d9e/brotlicffi-1.1.0.0-cp37-abi3-manylinux_2_17_aarch64.manylinux2014_aarch64.whl", hash = "sha256:19ffc919fa4fc6ace69286e0a23b3789b4219058313cf9b45625016bf7ff996b", size = 2911165 },
    { url = "https://files.pythonhosted.org/packages/be/20/201559dff14e83ba345a5ec03335607e47467b6633c210607e693aefac40/brotlicffi-1.1.0.0-cp37-abi3-manylinux_2_17_x86_64.manylinux2014_x86_64.whl", hash = "sha256:9feb210d932ffe7798ee62e6145d3a757eb6233aa9a4e7db78dd3690d7755814", size = 2927895 },
    { url = "https://files.pythonhosted.org/packages/cd/15/695b1409264143be3c933f708a3f81d53c4a1e1ebbc06f46331decbf6563/brotlicffi-1.1.0.0-cp37-abi3-manylinux_2_5_i686.manylinux1_i686.manylinux_2_17_i686.manylinux2014_i686.whl", hash = "sha256:84763dbdef5dd5c24b75597a77e1b30c66604725707565188ba54bab4f114820", size = 2851834 },
    { url = "https://files.pythonhosted.org/packages/b4/40/b961a702463b6005baf952794c2e9e0099bde657d0d7e007f923883b907f/brotlicffi-1.1.0.0-cp37-abi3-win32.whl", hash = "sha256:1b12b50e07c3911e1efa3a8971543e7648100713d4e0971b13631cce22c587eb", size = 341731 },
    { url = "https://files.pythonhosted.org/packages/1c/fa/5408a03c041114ceab628ce21766a4ea882aa6f6f0a800e04ee3a30ec6b9/brotlicffi-1.1.0.0-cp37-abi3-win_amd64.whl", hash = "sha256:994a4f0681bb6c6c3b0925530a1926b7a189d878e6e5e38fae8efa47c5d9c613", size = 366783 },
]

[[package]]
name = "cffi"
version = "1.17.1"
source = { registry = "https://pypi.org/simple" }
dependencies = [
    { name = "pycparser" },
]
sdist = { url = "https://files.pythonhosted.org/packages/fc/97/c783634659c2920c3fc70419e3af40972dbaf758daa229a7d6ea6135c90d/cffi-1.17.1.tar.gz", hash = "sha256:1c39c6016c32bc48dd54561950ebd6836e1670f2ae46128f67cf49e789c52824", size = 516621 }
wheels = [
    { url = "https://files.pythonhosted.org/packages/6b/f4/927e3a8899e52a27fa57a48607ff7dc91a9ebe97399b357b85a0c7892e00/cffi-1.17.1-cp311-cp311-macosx_10_9_x86_64.whl", hash = "sha256:a45e3c6913c5b87b3ff120dcdc03f6131fa0065027d0ed7ee6190736a74cd401", size = 182264 },
    { url = "https://files.pythonhosted.org/packages/6c/f5/6c3a8efe5f503175aaddcbea6ad0d2c96dad6f5abb205750d1b3df44ef29/cffi-1.17.1-cp311-cp311-macosx_11_0_arm64.whl", hash = "sha256:30c5e0cb5ae493c04c8b42916e52ca38079f1b235c2f8ae5f4527b963c401caf", size = 178651 },
    { url = "https://files.pythonhosted.org/packages/94/dd/a3f0118e688d1b1a57553da23b16bdade96d2f9bcda4d32e7d2838047ff7/cffi-1.17.1-cp311-cp311-manylinux_2_12_i686.manylinux2010_i686.manylinux_2_17_i686.manylinux2014_i686.whl", hash = "sha256:f75c7ab1f9e4aca5414ed4d8e5c0e303a34f4421f8a0d47a4d019ceff0ab6af4", size = 445259 },
    { url = "https://files.pythonhosted.org/packages/2e/ea/70ce63780f096e16ce8588efe039d3c4f91deb1dc01e9c73a287939c79a6/cffi-1.17.1-cp311-cp311-manylinux_2_17_aarch64.manylinux2014_aarch64.whl", hash = "sha256:a1ed2dd2972641495a3ec98445e09766f077aee98a1c896dcb4ad0d303628e41", size = 469200 },
    { url = "https://files.pythonhosted.org/packages/1c/a0/a4fa9f4f781bda074c3ddd57a572b060fa0df7655d2a4247bbe277200146/cffi-1.17.1-cp311-cp311-manylinux_2_17_ppc64le.manylinux2014_ppc64le.whl", hash = "sha256:46bf43160c1a35f7ec506d254e5c890f3c03648a4dbac12d624e4490a7046cd1", size = 477235 },
    { url = "https://files.pythonhosted.org/packages/62/12/ce8710b5b8affbcdd5c6e367217c242524ad17a02fe5beec3ee339f69f85/cffi-1.17.1-cp311-cp311-manylinux_2_17_s390x.manylinux2014_s390x.whl", hash = "sha256:a24ed04c8ffd54b0729c07cee15a81d964e6fee0e3d4d342a27b020d22959dc6", size = 459721 },
    { url = "https://files.pythonhosted.org/packages/ff/6b/d45873c5e0242196f042d555526f92aa9e0c32355a1be1ff8c27f077fd37/cffi-1.17.1-cp311-cp311-manylinux_2_17_x86_64.manylinux2014_x86_64.whl", hash = "sha256:610faea79c43e44c71e1ec53a554553fa22321b65fae24889706c0a84d4ad86d", size = 467242 },
    { url = "https://files.pythonhosted.org/packages/1a/52/d9a0e523a572fbccf2955f5abe883cfa8bcc570d7faeee06336fbd50c9fc/cffi-1.17.1-cp311-cp311-musllinux_1_1_aarch64.whl", hash = "sha256:a9b15d491f3ad5d692e11f6b71f7857e7835eb677955c00cc0aefcd0669adaf6", size = 477999 },
    { url = "https://files.pythonhosted.org/packages/44/74/f2a2460684a1a2d00ca799ad880d54652841a780c4c97b87754f660c7603/cffi-1.17.1-cp311-cp311-musllinux_1_1_i686.whl", hash = "sha256:de2ea4b5833625383e464549fec1bc395c1bdeeb5f25c4a3a82b5a8c756ec22f", size = 454242 },
    { url = "https://files.pythonhosted.org/packages/f8/4a/34599cac7dfcd888ff54e801afe06a19c17787dfd94495ab0c8d35fe99fb/cffi-1.17.1-cp311-cp311-musllinux_1_1_x86_64.whl", hash = "sha256:fc48c783f9c87e60831201f2cce7f3b2e4846bf4d8728eabe54d60700b318a0b", size = 478604 },
    { url = "https://files.pythonhosted.org/packages/34/33/e1b8a1ba29025adbdcda5fb3a36f94c03d771c1b7b12f726ff7fef2ebe36/cffi-1.17.1-cp311-cp311-win32.whl", hash = "sha256:85a950a4ac9c359340d5963966e3e0a94a676bd6245a4b55bc43949eee26a655", size = 171727 },
    { url = "https://files.pythonhosted.org/packages/3d/97/50228be003bb2802627d28ec0627837ac0bf35c90cf769812056f235b2d1/cffi-1.17.1-cp311-cp311-win_amd64.whl", hash = "sha256:caaf0640ef5f5517f49bc275eca1406b0ffa6aa184892812030f04c2abf589a0", size = 181400 },
]

[[package]]
name = "cssselect2"
version = "0.8.0"
source = { registry = "https://pypi.org/simple" }
dependencies = [
    { name = "tinycss2" },
    { name = "webencodings" },
]
sdist = { url = "https://files.pythonhosted.org/packages/9f/86/fd7f58fc498b3166f3a7e8e0cddb6e620fe1da35b02248b1bd59e95dbaaa/cssselect2-0.8.0.tar.gz", hash = "sha256:7674ffb954a3b46162392aee2a3a0aedb2e14ecf99fcc28644900f4e6e3e9d3a", size = 35716 }
wheels = [
    { url = "https://files.pythonhosted.org/packages/0f/e7/aa315e6a749d9b96c2504a1ba0ba031ba2d0517e972ce22682e3fccecb09/cssselect2-0.8.0-py3-none-any.whl", hash = "sha256:46fc70ebc41ced7a32cd42d58b1884d72ade23d21e5a4eaaf022401c13f0e76e", size = 15454 },
]

[[package]]
name = "fonttools"
version = "4.56.0"
source = { registry = "https://pypi.org/simple" }
sdist = { url = "https://files.pythonhosted.org/packages/1c/8c/9ffa2a555af0e5e5d0e2ed7fdd8c9bef474ed676995bb4c57c9cd0014248/fonttools-4.56.0.tar.gz", hash = "sha256:a114d1567e1a1586b7e9e7fc2ff686ca542a82769a296cef131e4c4af51e58f4", size = 3462892 }
wheels = [
    { url = "https://files.pythonhosted.org/packages/35/56/a2f3e777d48fcae7ecd29de4d96352d84e5ea9871e5f3fc88241521572cf/fonttools-4.56.0-cp311-cp311-macosx_10_9_universal2.whl", hash = "sha256:7ef04bc7827adb7532be3d14462390dd71287644516af3f1e67f1e6ff9c6d6df", size = 2753325 },
    { url = "https://files.pythonhosted.org/packages/71/85/d483e9c4e5ed586b183bf037a353e8d766366b54fd15519b30e6178a6a6e/fonttools-4.56.0-cp311-cp311-macosx_10_9_x86_64.whl", hash = "sha256:ffda9b8cd9cb8b301cae2602ec62375b59e2e2108a117746f12215145e3f786c", size = 2281554 },
    { url = "https://files.pythonhosted.org/packages/09/67/060473b832b2fade03c127019794df6dc02d9bc66fa4210b8e0d8a99d1e5/fonttools-4.56.0-cp311-cp311-manylinux_2_17_aarch64.manylinux2014_aarch64.whl", hash = "sha256:e2e993e8db36306cc3f1734edc8ea67906c55f98683d6fd34c3fc5593fdbba4c", size = 4869260 },
    { url = "https://files.pythonhosted.org/packages/28/e9/47c02d5a7027e8ed841ab6a10ca00c93dadd5f16742f1af1fa3f9978adf4/fonttools-4.56.0-cp311-cp311-manylinux_2_17_x86_64.manylinux2014_x86_64.whl", hash = "sha256:003548eadd674175510773f73fb2060bb46adb77c94854af3e0cc5bc70260049", size = 4898508 },
    { url = "https://files.pythonhosted.org/packages/bf/8a/221d456d1afb8ca043cfd078f59f187ee5d0a580f4b49351b9ce95121f57/fonttools-4.56.0-cp311-cp311-musllinux_1_2_aarch64.whl", hash = "sha256:bd9825822e7bb243f285013e653f6741954d8147427aaa0324a862cdbf4cbf62", size = 4877700 },
    { url = "https://files.pythonhosted.org/packages/a4/8c/e503863adf7a6aeff7b960e2f66fa44dd0c29a7a8b79765b2821950d7b05/fonttools-4.56.0-cp311-cp311-musllinux_1_2_x86_64.whl", hash = "sha256:b23d30a2c0b992fb1c4f8ac9bfde44b5586d23457759b6cf9a787f1a35179ee0", size = 5045817 },
    { url = "https://files.pythonhosted.org/packages/2b/50/79ba3b7e42f4eaa70b82b9e79155f0f6797858dc8a97862428b6852c6aee/fonttools-4.56.0-cp311-cp311-win32.whl", hash = "sha256:47b5e4680002ae1756d3ae3b6114e20aaee6cc5c69d1e5911f5ffffd3ee46c6b", size = 2154426 },
    { url = "https://files.pythonhosted.org/packages/3b/90/4926e653041c4116ecd43e50e3c79f5daae6dcafc58ceb64bc4f71dd4924/fonttools-4.56.0-cp311-cp311-win_amd64.whl", hash = "sha256:14a3e3e6b211660db54ca1ef7006401e4a694e53ffd4553ab9bc87ead01d0f05", size = 2200937 },
    { url = "https://files.pythonhosted.org/packages/bf/ff/44934a031ce5a39125415eb405b9efb76fe7f9586b75291d66ae5cbfc4e6/fonttools-4.56.0-py3-none-any.whl", hash = "sha256:1088182f68c303b50ca4dc0c82d42083d176cba37af1937e1a976a31149d4d14", size = 1089800 },
]

[package.optional-dependencies]
woff = [
    { name = "brotli", marker = "platform_python_implementation == 'CPython'" },
    { name = "brotlicffi", marker = "platform_python_implementation != 'CPython'" },
    { name = "zopfli" },
]

[[package]]
name = "html5lib"
version = "1.1"
source = { registry = "https://pypi.org/simple" }
dependencies = [
    { name = "six" },
    { name = "webencodings" },
]
sdist = { url = "https://files.pythonhosted.org/packages/ac/b6/b55c3f49042f1df3dcd422b7f224f939892ee94f22abcf503a9b7339eaf2/html5lib-1.1.tar.gz", hash = "sha256:b2e5b40261e20f354d198eae92afc10d750afb487ed5e50f9c4eaf07c184146f", size = 272215 }
wheels = [
    { url = "https://files.pythonhosted.org/packages/6c/dd/a834df6482147d48e225a49515aabc28974ad5a4ca3215c18a882565b028/html5lib-1.1-py2.py3-none-any.whl", hash = "sha256:0d78f8fde1c230e99fe37986a60526d7049ed4bf8a9fadbad5f00e22e58e041d", size = 112173 },
]

[[package]]
name = "mac-letterhead"
source = { editable = "." }
dependencies = [
    { name = "cffi" },
    { name = "cssselect2" },
    { name = "fonttools" },
    { name = "html5lib" },
    { name = "markdown" },
    { name = "pillow" },
    { name = "pydyf" },
    { name = "pygments" },
    { name = "pymupdf" },
    { name = "pyobjc-core" },
    { name = "pyobjc-framework-cocoa" },
    { name = "pyobjc-framework-quartz" },
    { name = "pyphen" },
    { name = "six" },
    { name = "tinycss2" },
    { name = "weasyprint" },
    { name = "webencodings" },
]

[package.metadata]
requires-dist = [
    { name = "cffi", specifier = ">=1.15.0" },
    { name = "cssselect2", specifier = ">=0.7.0" },
    { name = "fonttools", specifier = ">=4.38.0" },
    { name = "html5lib", specifier = "==1.1" },
    { name = "importlib-resources", marker = "python_full_version < '3.9'" },
    { name = "markdown", specifier = "==3.7" },
    { name = "pillow", specifier = "==11.1.0" },
    { name = "pydyf", specifier = ">=0.5.0" },
    { name = "pygments", specifier = ">=2.16.0" },
    { name = "pymupdf", specifier = "==1.25.4" },
    { name = "pyobjc-core", specifier = "==11.0" },
    { name = "pyobjc-framework-cocoa", specifier = "==11.0" },
    { name = "pyobjc-framework-quartz", specifier = "==11.0" },
    { name = "pyphen", specifier = ">=0.13.0" },
    { name = "six", specifier = "==1.16.0" },
    { name = "tinycss2", specifier = ">=1.2.0" },
    { name = "weasyprint", specifier = "==65.0" },
    { name = "webencodings", specifier = "==0.5.1" },
]
provides-extras = ["markdown"]

[[package]]
name = "markdown"
version = "3.7"
source = { registry = "https://pypi.org/simple" }
sdist = { url = "https://files.pythonhosted.org/packages/54/28/3af612670f82f4c056911fbbbb42760255801b3068c48de792d354ff4472/markdown-3.7.tar.gz", hash = "sha256:2ae2471477cfd02dbbf038d5d9bc226d40def84b4fe2986e49b59b6b472bbed2", size = 357086 }
wheels = [
    { url = "https://files.pythonhosted.org/packages/3f/08/83871f3c50fc983b88547c196d11cf8c3340e37c32d2e9d6152abe2c61f7/Markdown-3.7-py3-none-any.whl", hash = "sha256:7eb6df5690b81a1d7942992c97fad2938e956e79df20cbc6186e9c3a77b1c803", size = 106349 },
]

[[package]]
name = "pillow"
version = "11.1.0"
source = { registry = "https://pypi.org/simple" }
sdist = { url = "https://files.pythonhosted.org/packages/f3/af/c097e544e7bd278333db77933e535098c259609c4eb3b85381109602fb5b/pillow-11.1.0.tar.gz", hash = "sha256:368da70808b36d73b4b390a8ffac11069f8a5c85f29eff1f1b01bcf3ef5b2a20", size = 46742715 }
wheels = [
    { url = "https://files.pythonhosted.org/packages/dd/d6/2000bfd8d5414fb70cbbe52c8332f2283ff30ed66a9cde42716c8ecbe22c/pillow-11.1.0-cp311-cp311-macosx_10_10_x86_64.whl", hash = "sha256:e06695e0326d05b06833b40b7ef477e475d0b1ba3a6d27da1bb48c23209bf457", size = 3229968 },
    { url = "https://files.pythonhosted.org/packages/d9/45/3fe487010dd9ce0a06adf9b8ff4f273cc0a44536e234b0fad3532a42c15b/pillow-11.1.0-cp311-cp311-macosx_11_0_arm64.whl", hash = "sha256:96f82000e12f23e4f29346e42702b6ed9a2f2fea34a740dd5ffffcc8c539eb35", size = 3101806 },
    { url = "https://files.pythonhosted.org/packages/e3/72/776b3629c47d9d5f1c160113158a7a7ad177688d3a1159cd3b62ded5a33a/pillow-11.1.0-cp311-cp311-manylinux_2_17_aarch64.manylinux2014_aarch64.whl", hash = "sha256:a3cd561ded2cf2bbae44d4605837221b987c216cff94f49dfeed63488bb228d2", size = 4322283 },
    { url = "https://files.pythonhosted.org/packages/e4/c2/e25199e7e4e71d64eeb869f5b72c7ddec70e0a87926398785ab944d92375/pillow-11.1.0-cp311-cp311-manylinux_2_17_x86_64.manylinux2014_x86_64.whl", hash = "sha256:f189805c8be5ca5add39e6f899e6ce2ed824e65fb45f3c28cb2841911da19070", size = 4402945 },
    { url = "https://files.pythonhosted.org/packages/c1/ed/51d6136c9d5911f78632b1b86c45241c712c5a80ed7fa7f9120a5dff1eba/pillow-11.1.0-cp311-cp311-manylinux_2_28_aarch64.whl", hash = "sha256:dd0052e9db3474df30433f83a71b9b23bd9e4ef1de13d92df21a52c0303b8ab6", size = 4361228 },
    { url = "https://files.pythonhosted.org/packages/48/a4/fbfe9d5581d7b111b28f1d8c2762dee92e9821bb209af9fa83c940e507a0/pillow-11.1.0-cp311-cp311-manylinux_2_28_x86_64.whl", hash = "sha256:837060a8599b8f5d402e97197d4924f05a2e0d68756998345c829c33186217b1", size = 4484021 },
    { url = "https://files.pythonhosted.org/packages/39/db/0b3c1a5018117f3c1d4df671fb8e47d08937f27519e8614bbe86153b65a5/pillow-11.1.0-cp311-cp311-musllinux_1_2_aarch64.whl", hash = "sha256:aa8dd43daa836b9a8128dbe7d923423e5ad86f50a7a14dc688194b7be5c0dea2", size = 4287449 },
    { url = "https://files.pythonhosted.org/packages/d9/58/bc128da7fea8c89fc85e09f773c4901e95b5936000e6f303222490c052f3/pillow-11.1.0-cp311-cp311-musllinux_1_2_x86_64.whl", hash = "sha256:0a2f91f8a8b367e7a57c6e91cd25af510168091fb89ec5146003e424e1558a96", size = 4419972 },
    { url = "https://files.pythonhosted.org/packages/5f/bb/58f34379bde9fe197f51841c5bbe8830c28bbb6d3801f16a83b8f2ad37df/pillow-11.1.0-cp311-cp311-win32.whl", hash = "sha256:c12fc111ef090845de2bb15009372175d76ac99969bdf31e2ce9b42e4b8cd88f", size = 2291201 },
    { url = "https://files.pythonhosted.org/packages/3a/c6/fce9255272bcf0c39e15abd2f8fd8429a954cf344469eaceb9d0d1366913/pillow-11.1.0-cp311-cp311-win_amd64.whl", hash = "sha256:fbd43429d0d7ed6533b25fc993861b8fd512c42d04514a0dd6337fb3ccf22761", size = 2625686 },
    { url = "https://files.pythonhosted.org/packages/c8/52/8ba066d569d932365509054859f74f2a9abee273edcef5cd75e4bc3e831e/pillow-11.1.0-cp311-cp311-win_arm64.whl", hash = "sha256:f7955ecf5609dee9442cbface754f2c6e541d9e6eda87fad7f7a989b0bdb9d71", size = 2375194 },
]

[[package]]
name = "pycparser"
version = "2.22"
source = { registry = "https://pypi.org/simple" }
sdist = { url = "https://files.pythonhosted.org/packages/1d/b2/31537cf4b1ca988837256c910a668b553fceb8f069bedc4b1c826024b52c/pycparser-2.22.tar.gz", hash = "sha256:491c8be9c040f5390f5bf44a5b07752bd07f56edf992381b05c701439eec10f6", size = 172736 }
wheels = [
    { url = "https://files.pythonhosted.org/packages/13/a3/a812df4e2dd5696d1f351d58b8fe16a405b234ad2886a0dab9183fb78109/pycparser-2.22-py3-none-any.whl", hash = "sha256:c3702b6d3dd8c7abc1afa565d7e63d53a1d0bd86cdc24edd75470f4de499cfcc", size = 117552 },
]

[[package]]
name = "pydyf"
version = "0.11.0"
source = { registry = "https://pypi.org/simple" }
sdist = { url = "https://files.pythonhosted.org/packages/2e/c2/97fc6ce4ce0045080dc99446def812081b57750ed8aa67bfdfafa4561fe5/pydyf-0.11.0.tar.gz", hash = "sha256:394dddf619cca9d0c55715e3c55ea121a9bf9cbc780cdc1201a2427917b86b64", size = 17769 }
wheels = [
    { url = "https://files.pythonhosted.org/packages/c9/ac/d5db977deaf28c6ecbc61bbca269eb3e8f0b3a1f55c8549e5333e606e005/pydyf-0.11.0-py3-none-any.whl", hash = "sha256:0aaf9e2ebbe786ec7a78ec3fbffa4cdcecde53fd6f563221d53c6bc1328848a3", size = 8104 },
]

[[package]]
name = "pygments"
version = "2.19.1"
source = { registry = "https://pypi.org/simple" }
sdist = { url = "https://files.pythonhosted.org/packages/7c/2d/c3338d48ea6cc0feb8446d8e6937e1408088a72a39937982cc6111d17f84/pygments-2.19.1.tar.gz", hash = "sha256:61c16d2a8576dc0649d9f39e089b5f02bcd27fba10d8fb4dcc28173f7a45151f", size = 4968581 }
wheels = [
    { url = "https://files.pythonhosted.org/packages/8a/0b/9fcc47d19c48b59121088dd6da2488a49d5f72dacf8262e2790a1d2c7d15/pygments-2.19.1-py3-none-any.whl", hash = "sha256:9ea1544ad55cecf4b8242fab6dd35a93bbce657034b0611ee383099054ab6d8c", size = 1225293 },
]

[[package]]
name = "pymupdf"
version = "1.25.4"
source = { registry = "https://pypi.org/simple" }
sdist = { url = "https://files.pythonhosted.org/packages/25/56/d7de0325125621a3d095eb43ce35f2e036cd4c0489ff5e8cae816f1cd8b9/pymupdf-1.25.4.tar.gz", hash = "sha256:5f189466b68901055a9ddc77dc1c91cba081a60964f0caa6ff5b9b87001a0194", size = 69792548 }
wheels = [
    { url = "https://files.pythonhosted.org/packages/59/fa/cd82d78401bed6452ea07e2a3ffd6c30eddb635b888ea5f2f699c2968e80/pymupdf-1.25.4-cp39-abi3-macosx_10_9_x86_64.whl", hash = "sha256:b39ab5fc0cc793f2a93908cb4dc13182e61e9ace3476850ebf0e505f65355475", size = 19364290 },
    { url = "https://files.pythonhosted.org/packages/ae/76/0757056bdcf273de4934681b84acde6e0b61a46b1755038e8d786ac6b368/pymupdf-1.25.4-cp39-abi3-macosx_11_0_arm64.whl", hash = "sha256:72ac2a460e15a4b75fb22d0bdeb9eb9b3bd6ab44d5288e56f85ff9e4241d0830", size = 18604391 },
    { url = "https://files.pythonhosted.org/packages/41/2f/7ca622fff06e879fd4adcde8b1bdbe9989ff2f36fc0607481581f4a3caa1/pymupdf-1.25.4-cp39-abi3-manylinux2014_aarch64.manylinux_2_17_aarch64.whl", hash = "sha256:bd16e264438b01bf6f6b8722deb49df20c0a9a7be2b4a8e29dcb7b5183d8b42a", size = 19464372 },
    { url = "https://files.pythonhosted.org/packages/36/ae/9b3651d457698ff5e19c5a663c51703cc990892b35cf4a779c36a1a1bf64/pymupdf-1.25.4-cp39-abi3-manylinux2014_x86_64.manylinux_2_17_x86_64.whl", hash = "sha256:72817aa5f5023632346eee4aad0c32018d7879cf9a72e1820054dc9d8c48150f", size = 20027724 },
    { url = "https://files.pythonhosted.org/packages/09/f8/3ba60c9cbb01c9aacc2e1c35fc7640456306da99cdea913954f33a0c9c74/pymupdf-1.25.4-cp39-abi3-musllinux_1_2_x86_64.whl", hash = "sha256:a8c23242d209512437187dc728001fc7c65c2dd9d37b50071f34c5cd745194a3", size = 21292722 },
    { url = "https://files.pythonhosted.org/packages/0e/0a/3eb1fab9e788790be32d8ca43235f59652d44252168bfba457c5496948fe/pymupdf-1.25.4-cp39-abi3-win32.whl", hash = "sha256:d90e6087f9b153999fa9f2c4709488fb0355de0302ec502a76c4fc0c0a0c535e", size = 15110936 },
    { url = "https://files.pythonhosted.org/packages/c3/9f/2872a29766dfe65fb97268233503cc9f7ba6e776eedbdb88ed47216aef84/pymupdf-1.25.4-cp39-abi3-win_amd64.whl", hash = "sha256:af8fa1f7920b3b27343b2511cb9fc44baf2bad8b948db0b0f9d5b2fa589cb305", size = 16579269 },
]

[[package]]
name = "pyobjc-core"
version = "11.0"
source = { registry = "https://pypi.org/simple" }
sdist = { url = "https://files.pythonhosted.org/packages/5c/94/a111239b98260869780a5767e5d74bfd3a8c13a40457f479c28dcd91f89d/pyobjc_core-11.0.tar.gz", hash = "sha256:63bced211cb8a8fb5c8ff46473603da30e51112861bd02c438fbbbc8578d9a70", size = 994931 }
wheels = [
    { url = "https://files.pythonhosted.org/packages/52/05/fa97309c3b1bc1ec90d701db89902e0bd5e1024023aa2c5387b889458b1b/pyobjc_core-11.0-cp311-cp311-macosx_10_9_universal2.whl", hash = "sha256:50675c0bb8696fe960a28466f9baf6943df2928a1fd85625d678fa2f428bd0bd", size = 727295 },
]

[[package]]
name = "pyobjc-framework-cocoa"
version = "11.0"
source = { registry = "https://pypi.org/simple" }
dependencies = [
    { name = "pyobjc-core" },
]
sdist = { url = "https://files.pythonhosted.org/packages/c5/32/53809096ad5fc3e7a2c5ddea642590a5f2cb5b81d0ad6ea67fdb2263d9f9/pyobjc_framework_cocoa-11.0.tar.gz", hash = "sha256:00346a8cb81ad7b017b32ff7bf596000f9faa905807b1bd234644ebd47f692c5", size = 6173848 }
wheels = [
    { url = "https://files.pythonhosted.org/packages/23/97/81fd41ad90e9c241172110aa635a6239d56f50d75923aaedbbe351828580/pyobjc_framework_Cocoa-11.0-cp311-cp311-macosx_10_9_universal2.whl", hash = "sha256:3ea7be6e6dd801b297440de02d312ba3fa7fd3c322db747ae1cb237e975f5d33", size = 385534 },
]

[[package]]
name = "pyobjc-framework-quartz"
version = "11.0"
source = { registry = "https://pypi.org/simple" }
dependencies = [
    { name = "pyobjc-core" },
    { name = "pyobjc-framework-cocoa" },
]
sdist = { url = "https://files.pythonhosted.org/packages/a5/ad/f00f3f53387c23bbf4e0bb1410e11978cbf87c82fa6baff0ee86f74c5fb6/pyobjc_framework_quartz-11.0.tar.gz", hash = "sha256:3205bf7795fb9ae34747f701486b3db6dfac71924894d1f372977c4d70c3c619", size = 3952463 }
wheels = [
    { url = "https://files.pythonhosted.org/packages/a3/6a/68957c8c5e8f0128d4d419728bac397d48fa7ad7a66e82b70e64d129ffca/pyobjc_framework_Quartz-11.0-cp311-cp311-macosx_10_9_universal2.whl", hash = "sha256:d251696bfd8e8ef72fbc90eb29fec95cb9d1cc409008a183d5cc3246130ae8c2", size = 212349 },
]

[[package]]
name = "pyphen"
version = "0.17.2"
source = { registry = "https://pypi.org/simple" }
sdist = { url = "https://files.pythonhosted.org/packages/69/56/e4d7e1bd70d997713649c5ce530b2d15a5fc2245a74ca820fc2d51d89d4d/pyphen-0.17.2.tar.gz", hash = "sha256:f60647a9c9b30ec6c59910097af82bc5dd2d36576b918e44148d8b07ef3b4aa3", size = 2079470 }
wheels = [
    { url = "https://files.pythonhosted.org/packages/7b/1f/c2142d2edf833a90728e5cdeb10bdbdc094dde8dbac078cee0cf33f5e11b/pyphen-0.17.2-py3-none-any.whl", hash = "sha256:3a07fb017cb2341e1d9ff31b8634efb1ae4dc4b130468c7c39dd3d32e7c3affd", size = 2079358 },
]

[[package]]
name = "six"
version = "1.16.0"
source = { registry = "https://pypi.org/simple" }
sdist = { url = "https://files.pythonhosted.org/packages/71/39/171f1c67cd00715f190ba0b100d606d440a28c93c7714febeca8b79af85e/six-1.16.0.tar.gz", hash = "sha256:1e61c37477a1626458e36f7b1d82aa5c9b094fa4802892072e49de9c60c4c926", size = 34041 }
wheels = [
    { url = "https://files.pythonhosted.org/packages/d9/5a/e7c31adbe875f2abbb91bd84cf2dc52d792b5a01506781dbcf25c91daf11/six-1.16.0-py2.py3-none-any.whl", hash = "sha256:8abb2f1d86890a2dfb989f9a77cfcfd3e47c2a354b01111771326f8aa26e0254", size = 11053 },
]

[[package]]
name = "tinycss2"
version = "1.4.0"
source = { registry = "https://pypi.org/simple" }
dependencies = [
    { name = "webencodings" },
]
sdist = { url = "https://files.pythonhosted.org/packages/7a/fd/7a5ee21fd08ff70d3d33a5781c255cbe779659bd03278feb98b19ee550f4/tinycss2-1.4.0.tar.gz", hash = "sha256:10c0972f6fc0fbee87c3edb76549357415e94548c1ae10ebccdea16fb404a9b7", size = 87085 }
wheels = [
    { url = "https://files.pythonhosted.org/packages/e6/34/ebdc18bae6aa14fbee1a08b63c015c72b64868ff7dae68808ab500c492e2/tinycss2-1.4.0-py3-none-any.whl", hash = "sha256:3a49cf47b7675da0b15d0c6e1df8df4ebd96e9394bb905a5775adb0d884c5289", size = 26610 },
]

[[package]]
name = "tinyhtml5"
version = "2.0.0"
source = { registry = "https://pypi.org/simple" }
dependencies = [
    { name = "webencodings" },
]
sdist = { url = "https://files.pythonhosted.org/packages/fd/03/6111ed99e9bf7dfa1c30baeef0e0fb7e0bd387bd07f8e5b270776fe1de3f/tinyhtml5-2.0.0.tar.gz", hash = "sha256:086f998833da24c300c414d9fe81d9b368fd04cb9d2596a008421cbc705fcfcc", size = 179507 }
wheels = [
    { url = "https://files.pythonhosted.org/packages/5c/de/27c57899297163a4a84104d5cec0af3b1ac5faf62f44667e506373c6b8ce/tinyhtml5-2.0.0-py3-none-any.whl", hash = "sha256:13683277c5b176d070f82d099d977194b7a1e26815b016114f581a74bbfbf47e", size = 39793 },
]

[[package]]
name = "weasyprint"
version = "65.0"
source = { registry = "https://pypi.org/simple" }
dependencies = [
    { name = "cffi" },
    { name = "cssselect2" },
    { name = "fonttools", extra = ["woff"] },
    { name = "pillow" },
    { name = "pydyf" },
    { name = "pyphen" },
    { name = "tinycss2" },
    { name = "tinyhtml5" },
]
sdist = { url = "https://files.pythonhosted.org/packages/97/3c/5cb34d190928c16a3a8fd6ea00c6d12f4d0afe5e31069af147f2b7871fe5/weasyprint-65.0.tar.gz", hash = "sha256:3c679de96a7c871ae00f08cd1e77200f33e2a49d35e209c721159327578df988", size = 498355 }
wheels = [
    { url = "https://files.pythonhosted.org/packages/08/4e/8ee4be02bd7e364a284c63150f31557abb0c66043ff4c19e73a140c2ad34/weasyprint-65.0-py3-none-any.whl", hash = "sha256:0c7822c0c30e998da069d7e2fc33ea2685086e79f0e1e3212b4b90bf373492b2", size = 297914 },
]

[[package]]
name = "webencodings"
version = "0.5.1"
source = { registry = "https://pypi.org/simple" }
sdist = { url = "https://files.pythonhosted.org/packages/0b/02/ae6ceac1baeda530866a85075641cec12989bd8d31af6d5ab4a3e8c92f47/webencodings-0.5.1.tar.gz", hash = "sha256:b36a1c245f2d304965eb4e0a82848379241dc04b865afcc4aab16748587e1923", size = 9721 }
wheels = [
    { url = "https://files.pythonhosted.org/packages/f4/24/2a3e3df732393fed8b3ebf2ec078f05546de641fe1b667ee316ec1dcf3b7/webencodings-0.5.1-py2.py3-none-any.whl", hash = "sha256:a0af1213f3c2226497a97e2b3aa01a7e4bee4f403f95be16fc9acd2947514a78", size = 11774 },
]

[[package]]
name = "zopfli"
version = "0.2.3.post1"
source = { registry = "https://pypi.org/simple" }
sdist = { url = "https://files.pythonhosted.org/packages/5e/7c/a8f6696e694709e2abcbccd27d05ef761e9b6efae217e11d977471555b62/zopfli-0.2.3.post1.tar.gz", hash = "sha256:96484dc0f48be1c5d7ae9f38ed1ce41e3675fd506b27c11a6607f14b49101e99", size = 175629 }
wheels = [
    { url = "https://files.pythonhosted.org/packages/92/6d/c8224a8fc77c1dff6caaa2dc63794a40ea284c82ac20030fb2521092dca6/zopfli-0.2.3.post1-cp311-cp311-macosx_10_9_universal2.whl", hash = "sha256:518f1f4ed35dd69ce06b552f84e6d081f07c552b4c661c5312d950a0b764a58a", size = 296334 },
    { url = "https://files.pythonhosted.org/packages/f8/da/df0f87a489d223f184d69e9e88c80c1314be43b2361acffefdc09659e00d/zopfli-0.2.3.post1-cp311-cp311-macosx_10_9_x86_64.whl", hash = "sha256:615a8ac9dda265e9cc38b2a76c3142e4a9f30fea4a79c85f670850783bc6feb4", size = 163886 },
    { url = "https://files.pythonhosted.org/packages/39/b7/14529a7ae608cedddb2f791cbc13a392a246e2e6d9c9b4b8bcda707d08d8/zopfli-0.2.3.post1-cp311-cp311-manylinux_2_12_i686.manylinux2010_i686.manylinux_2_17_i686.manylinux2014_i686.whl", hash = "sha256:a82fc2dbebe6eb908b9c665e71496f8525c1bc4d2e3a7a7722ef2b128b6227c8", size = 823654 },
    { url = "https://files.pythonhosted.org/packages/57/48/217c7bd720553d9e68b96926c02820e8b6184ef6dbac937823abad85b154/zopfli-0.2.3.post1-cp311-cp311-manylinux_2_17_aarch64.manylinux2014_aarch64.whl", hash = "sha256:37d011e92f7b9622742c905fdbed9920a1d0361df84142807ea2a528419dea7f", size = 826188 },
    { url = "https://files.pythonhosted.org/packages/2f/8b/5ab8c4c6db2564a0c3369e584090c101ffad4f9d0a39396e0d3e80c98413/zopfli-0.2.3.post1-cp311-cp311-manylinux_2_17_x86_64.manylinux2014_x86_64.whl", hash = "sha256:e63d558847166543c2c9789e6f985400a520b7eacc4b99181668b2c3aeadd352", size = 850573 },
    { url = "https://files.pythonhosted.org/packages/33/f8/f52ec5c713f3325c852f19af7c8e3f98109ddcd1ce400dc39005072a2fea/zopfli-0.2.3.post1-cp311-cp311-musllinux_1_2_aarch64.whl", hash = "sha256:60db20f06c3d4c5934b16cfa62a2cc5c3f0686bffe0071ed7804d3c31ab1a04e", size = 1754164 },
    { url = "https://files.pythonhosted.org/packages/92/24/6a6018125e1cc6ee5880a0ae60456fdc8a2da43f2f14b487cf49439a3448/zopfli-0.2.3.post1-cp311-cp311-musllinux_1_2_i686.whl", hash = "sha256:716cdbfc57bfd3d3e31a58e6246e8190e6849b7dbb7c4ce39ef8bbf0edb8f6d5", size = 1906135 },
    { url = "https://files.pythonhosted.org/packages/87/ad/697521dac8b46f0e0d081a3da153687d7583f3a2cd5466af1ddb9928394f/zopfli-0.2.3.post1-cp311-cp311-musllinux_1_2_x86_64.whl", hash = "sha256:3a89277ed5f8c0fb2d0b46d669aa0633123aa7381f1f6118c12f15e0fb48f8ca", size = 1835047 },
    { url = "https://files.pythonhosted.org/packages/95/00/042c0cdba957343d7a83e572fc5ffe62de03d57c43075c8cf920b8b542e6/zopfli-0.2.3.post1-cp311-cp311-win32.whl", hash = "sha256:75a26a2307b10745a83b660c404416e984ee6fca515ec7f0765f69af3ce08072", size = 82635 },
    { url = "https://files.pythonhosted.org/packages/e6/cc/07119cba00db12d7ef0472637b7d71a95f2c8e9a20ed460d759acd274887/zopfli-0.2.3.post1-cp311-cp311-win_amd64.whl", hash = "sha256:81c341d9bb87a6dbbb0d45d6e272aca80c7c97b4b210f9b6e233bf8b87242f29", size = 99345 },
]
