# This file was autogenerated by uv via the following command:
#    uv pip compile pyproject.toml --output-file uv.lock
brotli==1.1.0
    # via
    #   mac-letterhead (pyproject.toml)
    #   fonttools
cffi==1.17.1
    # via
    #   mac-letterhead (pyproject.toml)
    #   weasyprint
cssselect2==0.8.0
    # via
    #   mac-letterhead (pyproject.toml)
    #   weasyprint
fonttools==4.56.0
    # via
    #   mac-letterhead (pyproject.toml)
    #   weasyprint
markdown==3.7
    # via mac-letterhead (pyproject.toml)
pillow==11.1.0
    # via
    #   mac-letterhead (pyproject.toml)
    #   weasyprint
pycparser==2.22
    # via
    #   mac-letterhead (pyproject.toml)
    #   cffi
pydyf==0.11.0
    # via
    #   mac-letterhead (pyproject.toml)
    #   weasyprint
pymupdf==1.25.4
    # via mac-letterhead (pyproject.toml)
pyobjc-core==11.0
    # via
    #   mac-letterhead (pyproject.toml)
    #   pyobjc-framework-cocoa
    #   pyobjc-framework-quartz
pyobjc-framework-cocoa==11.0
    # via
    #   mac-letterhead (pyproject.toml)
    #   pyobjc-framework-quartz
pyobjc-framework-quartz==11.0
    # via mac-letterhead (pyproject.toml)
pyphen==0.17.2
    # via
    #   mac-letterhead (pyproject.toml)
    #   weasyprint
tinycss2==1.4.0
    # via
    #   mac-letterhead (pyproject.toml)
    #   cssselect2
    #   weasyprint
tinyhtml5==2.0.0
    # via
    #   mac-letterhead (pyproject.toml)
    #   weasyprint
weasyprint==65.0
    # via mac-letterhead (pyproject.toml)
webencodings==0.5.1
    # via
    #   mac-letterhead (pyproject.toml)
    #   cssselect2
    #   tinycss2
    #   tinyhtml5
zopfli==0.2.3.post1
    # via
    #   mac-letterhead (pyproject.toml)
    #   fonttools
