version = 1
revision = 1
requires-python = ">=3.13.2"

[[package]]
name = "cfgv"
version = "3.4.0"
source = { registry = "https://pypi.org/simple" }
sdist = { url = "https://files.pythonhosted.org/packages/11/74/539e56497d9bd1d484fd863dd69cbbfa653cd2aa27abfe35653494d85e94/cfgv-3.4.0.tar.gz", hash = "sha256:e52591d4c5f5dead8e0f673fb16db7949d2cfb3f7da4582893288f0ded8fe560", size = 7114 }
wheels = [
    { url = "https://files.pythonhosted.org/packages/c5/55/51844dd50c4fc7a33b653bfaba4c2456f06955289ca770a5dbd5fd267374/cfgv-3.4.0-py2.py3-none-any.whl", hash = "sha256:b7265b1f29fd3316bfcd2b330d63d024f2bfd8bcb8b0272f8e19a504856c48f9", size = 7249 },
]

[[package]]
name = "contourpy"
version = "1.3.1"
source = { registry = "https://pypi.org/simple" }
dependencies = [
    { name = "numpy" },
]
sdist = { url = "https://files.pythonhosted.org/packages/25/c2/fc7193cc5383637ff390a712e88e4ded0452c9fbcf84abe3de5ea3df1866/contourpy-1.3.1.tar.gz", hash = "sha256:dfd97abd83335045a913e3bcc4a09c0ceadbe66580cf573fe961f4a825efa699", size = 13465753 }
wheels = [
    { url = "https://files.pythonhosted.org/packages/9a/e7/de62050dce687c5e96f946a93546910bc67e483fe05324439e329ff36105/contourpy-1.3.1-cp313-cp313-macosx_10_13_x86_64.whl", hash = "sha256:a761d9ccfc5e2ecd1bf05534eda382aa14c3e4f9205ba5b1684ecfe400716ef2", size = 271548 },
    { url = "https://files.pythonhosted.org/packages/78/4d/c2a09ae014ae984c6bdd29c11e74d3121b25eaa117eca0bb76340efd7e1c/contourpy-1.3.1-cp313-cp313-macosx_11_0_arm64.whl", hash = "sha256:523a8ee12edfa36f6d2a49407f705a6ef4c5098de4f498619787e272de93f2d5", size = 255576 },
    { url = "https://files.pythonhosted.org/packages/ab/8a/915380ee96a5638bda80cd061ccb8e666bfdccea38d5741cb69e6dbd61fc/contourpy-1.3.1-cp313-cp313-manylinux_2_17_aarch64.manylinux2014_aarch64.whl", hash = "sha256:ece6df05e2c41bd46776fbc712e0996f7c94e0d0543af1656956d150c4ca7c81", size = 306635 },
    { url = "https://files.pythonhosted.org/packages/29/5c/c83ce09375428298acd4e6582aeb68b1e0d1447f877fa993d9bf6cd3b0a0/contourpy-1.3.1-cp313-cp313-manylinux_2_17_ppc64le.manylinux2014_ppc64le.whl", hash = "sha256:573abb30e0e05bf31ed067d2f82500ecfdaec15627a59d63ea2d95714790f5c2", size = 345925 },
    { url = "https://files.pythonhosted.org/packages/29/63/5b52f4a15e80c66c8078a641a3bfacd6e07106835682454647aca1afc852/contourpy-1.3.1-cp313-cp313-manylinux_2_17_s390x.manylinux2014_s390x.whl", hash = "sha256:a9fa36448e6a3a1a9a2ba23c02012c43ed88905ec80163f2ffe2421c7192a5d7", size = 318000 },
    { url = "https://files.pythonhosted.org/packages/9a/e2/30ca086c692691129849198659bf0556d72a757fe2769eb9620a27169296/contourpy-1.3.1-cp313-cp313-manylinux_2_17_x86_64.manylinux2014_x86_64.whl", hash = "sha256:3ea9924d28fc5586bf0b42d15f590b10c224117e74409dd7a0be3b62b74a501c", size = 322689 },
    { url = "https://files.pythonhosted.org/packages/6b/77/f37812ef700f1f185d348394debf33f22d531e714cf6a35d13d68a7003c7/contourpy-1.3.1-cp313-cp313-musllinux_1_2_aarch64.whl", hash = "sha256:5b75aa69cb4d6f137b36f7eb2ace9280cfb60c55dc5f61c731fdf6f037f958a3", size = 1268413 },
    { url = "https://files.pythonhosted.org/packages/3f/6d/ce84e79cdd128542ebeb268f84abb4b093af78e7f8ec504676673d2675bc/contourpy-1.3.1-cp313-cp313-musllinux_1_2_x86_64.whl", hash = "sha256:041b640d4ec01922083645a94bb3b2e777e6b626788f4095cf21abbe266413c1", size = 1326530 },
    { url = "https://files.pythonhosted.org/packages/72/22/8282f4eae20c73c89bee7a82a19c4e27af9b57bb602ecaa00713d5bdb54d/contourpy-1.3.1-cp313-cp313-win32.whl", hash = "sha256:36987a15e8ace5f58d4d5da9dca82d498c2bbb28dff6e5d04fbfcc35a9cb3a82", size = 175315 },
    { url = "https://files.pythonhosted.org/packages/e3/d5/28bca491f65312b438fbf076589dcde7f6f966b196d900777f5811b9c4e2/contourpy-1.3.1-cp313-cp313-win_amd64.whl", hash = "sha256:a7895f46d47671fa7ceec40f31fae721da51ad34bdca0bee83e38870b1f47ffd", size = 220987 },
    { url = "https://files.pythonhosted.org/packages/2f/24/a4b285d6adaaf9746e4700932f579f1a7b6f9681109f694cfa233ae75c4e/contourpy-1.3.1-cp313-cp313t-macosx_10_13_x86_64.whl", hash = "sha256:9ddeb796389dadcd884c7eb07bd14ef12408aaae358f0e2ae24114d797eede30", size = 285001 },
    { url = "https://files.pythonhosted.org/packages/48/1d/fb49a401b5ca4f06ccf467cd6c4f1fd65767e63c21322b29b04ec40b40b9/contourpy-1.3.1-cp313-cp313t-macosx_11_0_arm64.whl", hash = "sha256:19c1555a6801c2f084c7ddc1c6e11f02eb6a6016ca1318dd5452ba3f613a1751", size = 268553 },
    { url = "https://files.pythonhosted.org/packages/79/1e/4aef9470d13fd029087388fae750dccb49a50c012a6c8d1d634295caa644/contourpy-1.3.1-cp313-cp313t-manylinux_2_17_aarch64.manylinux2014_aarch64.whl", hash = "sha256:841ad858cff65c2c04bf93875e384ccb82b654574a6d7f30453a04f04af71342", size = 310386 },
    { url = "https://files.pythonhosted.org/packages/b0/34/910dc706ed70153b60392b5305c708c9810d425bde12499c9184a1100888/contourpy-1.3.1-cp313-cp313t-manylinux_2_17_ppc64le.manylinux2014_ppc64le.whl", hash = "sha256:4318af1c925fb9a4fb190559ef3eec206845f63e80fb603d47f2d6d67683901c", size = 349806 },
    { url = "https://files.pythonhosted.org/packages/31/3c/faee6a40d66d7f2a87f7102236bf4780c57990dd7f98e5ff29881b1b1344/contourpy-1.3.1-cp313-cp313t-manylinux_2_17_s390x.manylinux2014_s390x.whl", hash = "sha256:14c102b0eab282427b662cb590f2e9340a9d91a1c297f48729431f2dcd16e14f", size = 321108 },
    { url = "https://files.pythonhosted.org/packages/17/69/390dc9b20dd4bb20585651d7316cc3054b7d4a7b4f8b710b2b698e08968d/contourpy-1.3.1-cp313-cp313t-manylinux_2_17_x86_64.manylinux2014_x86_64.whl", hash = "sha256:05e806338bfeaa006acbdeba0ad681a10be63b26e1b17317bfac3c5d98f36cda", size = 327291 },
    { url = "https://files.pythonhosted.org/packages/ef/74/7030b67c4e941fe1e5424a3d988080e83568030ce0355f7c9fc556455b01/contourpy-1.3.1-cp313-cp313t-musllinux_1_2_aarch64.whl", hash = "sha256:4d76d5993a34ef3df5181ba3c92fabb93f1eaa5729504fb03423fcd9f3177242", size = 1263752 },
    { url = "https://files.pythonhosted.org/packages/f0/ed/92d86f183a8615f13f6b9cbfc5d4298a509d6ce433432e21da838b4b63f4/contourpy-1.3.1-cp313-cp313t-musllinux_1_2_x86_64.whl", hash = "sha256:89785bb2a1980c1bd87f0cb1517a71cde374776a5f150936b82580ae6ead44a1", size = 1318403 },
    { url = "https://files.pythonhosted.org/packages/b3/0e/c8e4950c77dcfc897c71d61e56690a0a9df39543d2164040301b5df8e67b/contourpy-1.3.1-cp313-cp313t-win32.whl", hash = "sha256:8eb96e79b9f3dcadbad2a3891672f81cdcab7f95b27f28f1c67d75f045b6b4f1", size = 185117 },
    { url = "https://files.pythonhosted.org/packages/c1/31/1ae946f11dfbd229222e6d6ad8e7bd1891d3d48bde5fbf7a0beb9491f8e3/contourpy-1.3.1-cp313-cp313t-win_amd64.whl", hash = "sha256:287ccc248c9e0d0566934e7d606201abd74761b5703d804ff3df8935f523d546", size = 236668 },
]

[[package]]
name = "cycler"
version = "0.12.1"
source = { registry = "https://pypi.org/simple" }
sdist = { url = "https://files.pythonhosted.org/packages/a9/95/a3dbbb5028f35eafb79008e7522a75244477d2838f38cbb722248dabc2a8/cycler-0.12.1.tar.gz", hash = "sha256:88bb128f02ba341da8ef447245a9e138fae777f6a23943da4540077d3601eb1c", size = 7615 }
wheels = [
    { url = "https://files.pythonhosted.org/packages/e7/05/c19819d5e3d95294a6f5947fb9b9629efb316b96de511b418c53d245aae6/cycler-0.12.1-py3-none-any.whl", hash = "sha256:85cef7cff222d8644161529808465972e51340599459b8ac3ccbac5a854e0d30", size = 8321 },
]

[[package]]
name = "distlib"
version = "0.3.9"
source = { registry = "https://pypi.org/simple" }
sdist = { url = "https://files.pythonhosted.org/packages/0d/dd/1bec4c5ddb504ca60fc29472f3d27e8d4da1257a854e1d96742f15c1d02d/distlib-0.3.9.tar.gz", hash = "sha256:a60f20dea646b8a33f3e7772f74dc0b2d0772d2837ee1342a00645c81edf9403", size = 613923 }
wheels = [
    { url = "https://files.pythonhosted.org/packages/91/a1/cf2472db20f7ce4a6be1253a81cfdf85ad9c7885ffbed7047fb72c24cf87/distlib-0.3.9-py2.py3-none-any.whl", hash = "sha256:47f8c22fd27c27e25a65601af709b38e4f0a45ea4fc2e710f65755fa8caaaf87", size = 468973 },
]

[[package]]
name = "filelock"
version = "3.18.0"
source = { registry = "https://pypi.org/simple" }
sdist = { url = "https://files.pythonhosted.org/packages/0a/10/c23352565a6544bdc5353e0b15fc1c563352101f30e24bf500207a54df9a/filelock-3.18.0.tar.gz", hash = "sha256:adbc88eabb99d2fec8c9c1b229b171f18afa655400173ddc653d5d01501fb9f2", size = 18075 }
wheels = [
    { url = "https://files.pythonhosted.org/packages/4d/36/2a115987e2d8c300a974597416d9de88f2444426de9571f4b59b2cca3acc/filelock-3.18.0-py3-none-any.whl", hash = "sha256:c401f4f8377c4464e6db25fff06205fd89bdd83b65eb0488ed1b160f780e21de", size = 16215 },
]

[[package]]
name = "fonttools"
version = "4.55.3"
source = { registry = "https://pypi.org/simple" }
sdist = { url = "https://files.pythonhosted.org/packages/76/61/a300d1574dc381393424047c0396a0e213db212e28361123af9830d71a8d/fonttools-4.55.3.tar.gz", hash = "sha256:3983313c2a04d6cc1fe9251f8fc647754cf49a61dac6cb1e7249ae67afaafc45", size = 3498155 }
wheels = [
    { url = "https://files.pythonhosted.org/packages/9c/9f/00142a19bad96eeeb1aed93f567adc19b7f2c1af6f5bc0a1c3de90b4b1ac/fonttools-4.55.3-cp313-cp313-macosx_10_13_universal2.whl", hash = "sha256:a430178ad3e650e695167cb53242dae3477b35c95bef6525b074d87493c4bf29", size = 2752812 },
    { url = "https://files.pythonhosted.org/packages/b0/20/14b8250d63ba65e162091fb0dda07730f90c303bbf5257e9ddacec7230d9/fonttools-4.55.3-cp313-cp313-macosx_10_13_x86_64.whl", hash = "sha256:529cef2ce91dc44f8e407cc567fae6e49a1786f2fefefa73a294704c415322a4", size = 2291521 },
    { url = "https://files.pythonhosted.org/packages/34/47/a681cfd10245eb74f65e491a934053ec75c4af639655446558f29818e45e/fonttools-4.55.3-cp313-cp313-manylinux_2_17_aarch64.manylinux2014_aarch64.whl", hash = "sha256:8e75f12c82127486fac2d8bfbf5bf058202f54bf4f158d367e41647b972342ca", size = 4770980 },
    { url = "https://files.pythonhosted.org/packages/d2/6c/a7066afc19db0705a12efd812e19c32cde2b9514eb714659522f2ebd60b6/fonttools-4.55.3-cp313-cp313-manylinux_2_5_x86_64.manylinux1_x86_64.manylinux_2_17_x86_64.manylinux2014_x86_64.whl", hash = "sha256:859c358ebf41db18fb72342d3080bce67c02b39e86b9fbcf1610cca14984841b", size = 4845534 },
    { url = "https://files.pythonhosted.org/packages/0c/a2/3c204fbabbfd845d9bdcab9ae35279d41e9a4bf5c80a0a2708f9c5a195d6/fonttools-4.55.3-cp313-cp313-musllinux_1_2_aarch64.whl", hash = "sha256:546565028e244a701f73df6d8dd6be489d01617863ec0c6a42fa25bf45d43048", size = 4753910 },
    { url = "https://files.pythonhosted.org/packages/6e/8c/b4cb3592880340b89e4ef6601b531780bba73862332a6451d78fe135d6cb/fonttools-4.55.3-cp313-cp313-musllinux_1_2_x86_64.whl", hash = "sha256:aca318b77f23523309eec4475d1fbbb00a6b133eb766a8bdc401faba91261abe", size = 4976411 },
    { url = "https://files.pythonhosted.org/packages/fc/a8/4bf98840ff89fcc188470b59daec57322178bf36d2f4f756cd19a42a826b/fonttools-4.55.3-cp313-cp313-win32.whl", hash = "sha256:8c5ec45428edaa7022f1c949a632a6f298edc7b481312fc7dc258921e9399628", size = 2160178 },
    { url = "https://files.pythonhosted.org/packages/e6/57/4cc35004605416df3225ff362f3455cf09765db00df578ae9e46d0fefd23/fonttools-4.55.3-cp313-cp313-win_amd64.whl", hash = "sha256:11e5de1ee0d95af4ae23c1a138b184b7f06e0b6abacabf1d0db41c90b03d834b", size = 2206102 },
    { url = "https://files.pythonhosted.org/packages/99/3b/406d17b1f63e04a82aa621936e6e1c53a8c05458abd66300ac85ea7f9ae9/fonttools-4.55.3-py3-none-any.whl", hash = "sha256:f412604ccbeee81b091b420272841e5ec5ef68967a9790e80bffd0e30b8e2977", size = 1111638 },
]

[[package]]
name = "identify"
version = "2.6.9"
source = { registry = "https://pypi.org/simple" }
sdist = { url = "https://files.pythonhosted.org/packages/9b/98/a71ab060daec766acc30fb47dfca219d03de34a70d616a79a38c6066c5bf/identify-2.6.9.tar.gz", hash = "sha256:d40dfe3142a1421d8518e3d3985ef5ac42890683e32306ad614a29490abeb6bf", size = 99249 }
wheels = [
    { url = "https://files.pythonhosted.org/packages/07/ce/0845144ed1f0e25db5e7a79c2354c1da4b5ce392b8966449d5db8dca18f1/identify-2.6.9-py2.py3-none-any.whl", hash = "sha256:c98b4322da415a8e5a70ff6e51fbc2d2932c015532d77e9f8537b4ba7813b150", size = 99101 },
]

[[package]]
name = "kiwisolver"
version = "1.4.7"
source = { registry = "https://pypi.org/simple" }
sdist = { url = "https://files.pythonhosted.org/packages/85/4d/2255e1c76304cbd60b48cee302b66d1dde4468dc5b1160e4b7cb43778f2a/kiwisolver-1.4.7.tar.gz", hash = "sha256:9893ff81bd7107f7b685d3017cc6583daadb4fc26e4a888350df530e41980a60", size = 97286 }
wheels = [
    { url = "https://files.pythonhosted.org/packages/c4/06/7da99b04259b0f18b557a4effd1b9c901a747f7fdd84cf834ccf520cb0b2/kiwisolver-1.4.7-cp313-cp313-macosx_10_13_universal2.whl", hash = "sha256:2e6039dcbe79a8e0f044f1c39db1986a1b8071051efba3ee4d74f5b365f5226e", size = 121913 },
    { url = "https://files.pythonhosted.org/packages/97/f5/b8a370d1aa593c17882af0a6f6755aaecd643640c0ed72dcfd2eafc388b9/kiwisolver-1.4.7-cp313-cp313-macosx_10_13_x86_64.whl", hash = "sha256:a1ecf0ac1c518487d9d23b1cd7139a6a65bc460cd101ab01f1be82ecf09794b6", size = 65627 },
    { url = "https://files.pythonhosted.org/packages/2a/fc/6c0374f7503522539e2d4d1b497f5ebad3f8ed07ab51aed2af988dd0fb65/kiwisolver-1.4.7-cp313-cp313-macosx_11_0_arm64.whl", hash = "sha256:7ab9ccab2b5bd5702ab0803676a580fffa2aa178c2badc5557a84cc943fcf750", size = 63888 },
    { url = "https://files.pythonhosted.org/packages/bf/3e/0b7172793d0f41cae5c923492da89a2ffcd1adf764c16159ca047463ebd3/kiwisolver-1.4.7-cp313-cp313-manylinux_2_12_i686.manylinux2010_i686.manylinux_2_17_i686.manylinux2014_i686.whl", hash = "sha256:f816dd2277f8d63d79f9c8473a79fe54047bc0467754962840782c575522224d", size = 1369145 },
    { url = "https://files.pythonhosted.org/packages/77/92/47d050d6f6aced2d634258123f2688fbfef8ded3c5baf2c79d94d91f1f58/kiwisolver-1.4.7-cp313-cp313-manylinux_2_17_aarch64.manylinux2014_aarch64.whl", hash = "sha256:cf8bcc23ceb5a1b624572a1623b9f79d2c3b337c8c455405ef231933a10da379", size = 1461448 },
    { url = "https://files.pythonhosted.org/packages/9c/1b/8f80b18e20b3b294546a1adb41701e79ae21915f4175f311a90d042301cf/kiwisolver-1.4.7-cp313-cp313-manylinux_2_17_ppc64le.manylinux2014_ppc64le.whl", hash = "sha256:dea0bf229319828467d7fca8c7c189780aa9ff679c94539eed7532ebe33ed37c", size = 1578750 },
    { url = "https://files.pythonhosted.org/packages/a4/fe/fe8e72f3be0a844f257cadd72689c0848c6d5c51bc1d60429e2d14ad776e/kiwisolver-1.4.7-cp313-cp313-manylinux_2_17_s390x.manylinux2014_s390x.whl", hash = "sha256:7c06a4c7cf15ec739ce0e5971b26c93638730090add60e183530d70848ebdd34", size = 1507175 },
    { url = "https://files.pythonhosted.org/packages/39/fa/cdc0b6105d90eadc3bee525fecc9179e2b41e1ce0293caaf49cb631a6aaf/kiwisolver-1.4.7-cp313-cp313-manylinux_2_17_x86_64.manylinux2014_x86_64.whl", hash = "sha256:913983ad2deb14e66d83c28b632fd35ba2b825031f2fa4ca29675e665dfecbe1", size = 1463963 },
    { url = "https://files.pythonhosted.org/packages/6e/5c/0c03c4e542720c6177d4f408e56d1c8315899db72d46261a4e15b8b33a41/kiwisolver-1.4.7-cp313-cp313-musllinux_1_2_aarch64.whl", hash = "sha256:5337ec7809bcd0f424c6b705ecf97941c46279cf5ed92311782c7c9c2026f07f", size = 2248220 },
    { url = "https://files.pythonhosted.org/packages/3d/ee/55ef86d5a574f4e767df7da3a3a7ff4954c996e12d4fbe9c408170cd7dcc/kiwisolver-1.4.7-cp313-cp313-musllinux_1_2_i686.whl", hash = "sha256:4c26ed10c4f6fa6ddb329a5120ba3b6db349ca192ae211e882970bfc9d91420b", size = 2404463 },
    { url = "https://files.pythonhosted.org/packages/0f/6d/73ad36170b4bff4825dc588acf4f3e6319cb97cd1fb3eb04d9faa6b6f212/kiwisolver-1.4.7-cp313-cp313-musllinux_1_2_ppc64le.whl", hash = "sha256:c619b101e6de2222c1fcb0531e1b17bbffbe54294bfba43ea0d411d428618c27", size = 2352842 },
    { url = "https://files.pythonhosted.org/packages/0b/16/fa531ff9199d3b6473bb4d0f47416cdb08d556c03b8bc1cccf04e756b56d/kiwisolver-1.4.7-cp313-cp313-musllinux_1_2_s390x.whl", hash = "sha256:073a36c8273647592ea332e816e75ef8da5c303236ec0167196793eb1e34657a", size = 2501635 },
    { url = "https://files.pythonhosted.org/packages/78/7e/aa9422e78419db0cbe75fb86d8e72b433818f2e62e2e394992d23d23a583/kiwisolver-1.4.7-cp313-cp313-musllinux_1_2_x86_64.whl", hash = "sha256:3ce6b2b0231bda412463e152fc18335ba32faf4e8c23a754ad50ffa70e4091ee", size = 2314556 },
    { url = "https://files.pythonhosted.org/packages/a8/b2/15f7f556df0a6e5b3772a1e076a9d9f6c538ce5f05bd590eca8106508e06/kiwisolver-1.4.7-cp313-cp313-win32.whl", hash = "sha256:f4c9aee212bc89d4e13f58be11a56cc8036cabad119259d12ace14b34476fd07", size = 46364 },
    { url = "https://files.pythonhosted.org/packages/0b/db/32e897e43a330eee8e4770bfd2737a9584b23e33587a0812b8e20aac38f7/kiwisolver-1.4.7-cp313-cp313-win_amd64.whl", hash = "sha256:8a3ec5aa8e38fc4c8af308917ce12c536f1c88452ce554027e55b22cbbfbff76", size = 55887 },
    { url = "https://files.pythonhosted.org/packages/c8/a4/df2bdca5270ca85fd25253049eb6708d4127be2ed0e5c2650217450b59e9/kiwisolver-1.4.7-cp313-cp313-win_arm64.whl", hash = "sha256:76c8094ac20ec259471ac53e774623eb62e6e1f56cd8690c67ce6ce4fcb05650", size = 48530 },
]

[[package]]
name = "matplotlib"
version = "3.10.0"
source = { registry = "https://pypi.org/simple" }
dependencies = [
    { name = "contourpy" },
    { name = "cycler" },
    { name = "fonttools" },
    { name = "kiwisolver" },
    { name = "numpy" },
    { name = "packaging" },
    { name = "pillow" },
    { name = "pyparsing" },
    { name = "python-dateutil" },
]
sdist = { url = "https://files.pythonhosted.org/packages/68/dd/fa2e1a45fce2d09f4aea3cee169760e672c8262325aa5796c49d543dc7e6/matplotlib-3.10.0.tar.gz", hash = "sha256:b886d02a581b96704c9d1ffe55709e49b4d2d52709ccebc4be42db856e511278", size = 36686418 }
wheels = [
    { url = "https://files.pythonhosted.org/packages/72/11/1b2a094d95dcb6e6edd4a0b238177c439006c6b7a9fe8d31801237bf512f/matplotlib-3.10.0-cp313-cp313-macosx_10_13_x86_64.whl", hash = "sha256:96f2886f5c1e466f21cc41b70c5a0cd47bfa0015eb2d5793c88ebce658600e25", size = 8173073 },
    { url = "https://files.pythonhosted.org/packages/0d/c4/87b6ad2723070511a411ea719f9c70fde64605423b184face4e94986de9d/matplotlib-3.10.0-cp313-cp313-macosx_11_0_arm64.whl", hash = "sha256:12eaf48463b472c3c0f8dbacdbf906e573013df81a0ab82f0616ea4b11281908", size = 8043892 },
    { url = "https://files.pythonhosted.org/packages/57/69/cb0812a136550b21361335e9ffb7d459bf6d13e03cb7b015555d5143d2d6/matplotlib-3.10.0-cp313-cp313-manylinux_2_17_aarch64.manylinux2014_aarch64.whl", hash = "sha256:2fbbabc82fde51391c4da5006f965e36d86d95f6ee83fb594b279564a4c5d0d2", size = 8450532 },
    { url = "https://files.pythonhosted.org/packages/ea/3a/bab9deb4fb199c05e9100f94d7f1c702f78d3241e6a71b784d2b88d7bebd/matplotlib-3.10.0-cp313-cp313-manylinux_2_17_x86_64.manylinux2014_x86_64.whl", hash = "sha256:ad2e15300530c1a94c63cfa546e3b7864bd18ea2901317bae8bbf06a5ade6dcf", size = 8593905 },
    { url = "https://files.pythonhosted.org/packages/8b/66/742fd242f989adc1847ddf5f445815f73ad7c46aa3440690cc889cfa423c/matplotlib-3.10.0-cp313-cp313-musllinux_1_2_x86_64.whl", hash = "sha256:3547d153d70233a8496859097ef0312212e2689cdf8d7ed764441c77604095ae", size = 9399609 },
    { url = "https://files.pythonhosted.org/packages/fa/d6/54cee7142cef7d910a324a7aedf335c0c147b03658b54d49ec48166f10a6/matplotlib-3.10.0-cp313-cp313-win_amd64.whl", hash = "sha256:c55b20591ced744aa04e8c3e4b7543ea4d650b6c3c4b208c08a05b4010e8b442", size = 8039076 },
    { url = "https://files.pythonhosted.org/packages/43/14/815d072dc36e88753433bfd0385113405efb947e6895ff7b4d2e8614a33b/matplotlib-3.10.0-cp313-cp313t-macosx_10_13_x86_64.whl", hash = "sha256:9ade1003376731a971e398cc4ef38bb83ee8caf0aee46ac6daa4b0506db1fd06", size = 8211000 },
    { url = "https://files.pythonhosted.org/packages/9a/76/34e75f364194ec352678adcb540964be6f35ec7d3d8c75ebcb17e6839359/matplotlib-3.10.0-cp313-cp313t-macosx_11_0_arm64.whl", hash = "sha256:95b710fea129c76d30be72c3b38f330269363fbc6e570a5dd43580487380b5ff", size = 8087707 },
    { url = "https://files.pythonhosted.org/packages/c3/2b/b6bc0dff6a72d333bc7df94a66e6ce662d224e43daa8ad8ae4eaa9a77f55/matplotlib-3.10.0-cp313-cp313t-manylinux_2_17_aarch64.manylinux2014_aarch64.whl", hash = "sha256:5cdbaf909887373c3e094b0318d7ff230b2ad9dcb64da7ade654182872ab2593", size = 8477384 },
    { url = "https://files.pythonhosted.org/packages/c2/2d/b5949fb2b76e9b47ab05e25a5f5f887c70de20d8b0cbc704a4e2ee71c786/matplotlib-3.10.0-cp313-cp313t-manylinux_2_17_x86_64.manylinux2014_x86_64.whl", hash = "sha256:d907fddb39f923d011875452ff1eca29a9e7f21722b873e90db32e5d8ddff12e", size = 8610334 },
    { url = "https://files.pythonhosted.org/packages/d6/9a/6e3c799d5134d9af44b01c787e1360bee38cf51850506ea2e743a787700b/matplotlib-3.10.0-cp313-cp313t-musllinux_1_2_x86_64.whl", hash = "sha256:3b427392354d10975c1d0f4ee18aa5844640b512d5311ef32efd4dd7db106ede", size = 9406777 },
    { url = "https://files.pythonhosted.org/packages/0e/dd/e6ae97151e5ed648ab2ea48885bc33d39202b640eec7a2910e2c843f7ac0/matplotlib-3.10.0-cp313-cp313t-win_amd64.whl", hash = "sha256:5fd41b0ec7ee45cd960a8e71aea7c946a28a0b8a4dcee47d2856b2af051f334c", size = 8109742 },
]

[[package]]
name = "nodeenv"
version = "1.9.1"
source = { registry = "https://pypi.org/simple" }
sdist = { url = "https://files.pythonhosted.org/packages/43/16/fc88b08840de0e0a72a2f9d8c6bae36be573e475a6326ae854bcc549fc45/nodeenv-1.9.1.tar.gz", hash = "sha256:6ec12890a2dab7946721edbfbcd91f3319c6ccc9aec47be7c7e6b7011ee6645f", size = 47437 }
wheels = [
    { url = "https://files.pythonhosted.org/packages/d2/1d/1b658dbd2b9fa9c4c9f32accbfc0205d532c8c6194dc0f2a4c0428e7128a/nodeenv-1.9.1-py2.py3-none-any.whl", hash = "sha256:ba11c9782d29c27c70ffbdda2d7415098754709be8a7056d79a737cd901155c9", size = 22314 },
]

[[package]]
name = "numpy"
version = "2.2.0"
source = { registry = "https://pypi.org/simple" }
sdist = { url = "https://files.pythonhosted.org/packages/47/1b/1d565e0f6e156e1522ab564176b8b29d71e13d8caf003a08768df3d5cec5/numpy-2.2.0.tar.gz", hash = "sha256:140dd80ff8981a583a60980be1a655068f8adebf7a45a06a6858c873fcdcd4a0", size = 20225497 }
wheels = [
    { url = "https://files.pythonhosted.org/packages/bd/4c/0d1eef206545c994289e7a9de21b642880a11e0ed47a2b0c407c688c4f69/numpy-2.2.0-cp313-cp313-macosx_10_13_x86_64.whl", hash = "sha256:f8c8b141ef9699ae777c6278b52c706b653bf15d135d302754f6b2e90eb30367", size = 20895707 },
    { url = "https://files.pythonhosted.org/packages/16/cb/88f6c1e6df83002c421d5f854ccf134aa088aa997af786a5dac3f32ec99b/numpy-2.2.0-cp313-cp313-macosx_11_0_arm64.whl", hash = "sha256:0f0986e917aca18f7a567b812ef7ca9391288e2acb7a4308aa9d265bd724bdae", size = 14110592 },
    { url = "https://files.pythonhosted.org/packages/b4/54/817e6894168a43f33dca74199ba0dd0f1acd99aa6323ed6d323d63d640a2/numpy-2.2.0-cp313-cp313-macosx_14_0_arm64.whl", hash = "sha256:1c92113619f7b272838b8d6702a7f8ebe5edea0df48166c47929611d0b4dea69", size = 5110858 },
    { url = "https://files.pythonhosted.org/packages/c7/99/00d8a1a8eb70425bba7880257ed73fed08d3e8d05da4202fb6b9a81d5ee4/numpy-2.2.0-cp313-cp313-macosx_14_0_x86_64.whl", hash = "sha256:5a145e956b374e72ad1dff82779177d4a3c62bc8248f41b80cb5122e68f22d13", size = 6645143 },
    { url = "https://files.pythonhosted.org/packages/34/86/5b9c2b7c56e7a9d9297a0a4be0b8433f498eba52a8f5892d9132b0f64627/numpy-2.2.0-cp313-cp313-manylinux_2_17_aarch64.manylinux2014_aarch64.whl", hash = "sha256:18142b497d70a34b01642b9feabb70156311b326fdddd875a9981f34a369b671", size = 14042812 },
    { url = "https://files.pythonhosted.org/packages/df/54/13535f74391dbe5f479ceed96f1403267be302c840040700d4fd66688089/numpy-2.2.0-cp313-cp313-manylinux_2_17_x86_64.manylinux2014_x86_64.whl", hash = "sha256:a7d41d1612c1a82b64697e894b75db6758d4f21c3ec069d841e60ebe54b5b571", size = 16093419 },
    { url = "https://files.pythonhosted.org/packages/dd/37/dfb2056842ac61315f225aa56f455da369f5223e4c5a38b91d20da1b628b/numpy-2.2.0-cp313-cp313-musllinux_1_2_aarch64.whl", hash = "sha256:a98f6f20465e7618c83252c02041517bd2f7ea29be5378f09667a8f654a5918d", size = 15238969 },
    { url = "https://files.pythonhosted.org/packages/5a/3d/d20d24ee313992f0b7e7b9d9eef642d9b545d39d5b91c4a2cc8c98776328/numpy-2.2.0-cp313-cp313-musllinux_1_2_x86_64.whl", hash = "sha256:e09d40edfdb4e260cb1567d8ae770ccf3b8b7e9f0d9b5c2a9992696b30ce2742", size = 17855705 },
    { url = "https://files.pythonhosted.org/packages/5b/40/944c9ee264f875a2db6f79380944fd2b5bb9d712bb4a134d11f45ad5b693/numpy-2.2.0-cp313-cp313-win32.whl", hash = "sha256:3905a5fffcc23e597ee4d9fb3fcd209bd658c352657548db7316e810ca80458e", size = 6270078 },
    { url = "https://files.pythonhosted.org/packages/30/04/e1ee6f8b22034302d4c5c24e15782bdedf76d90b90f3874ed0b48525def0/numpy-2.2.0-cp313-cp313-win_amd64.whl", hash = "sha256:a184288538e6ad699cbe6b24859206e38ce5fba28f3bcfa51c90d0502c1582b2", size = 12605791 },
    { url = "https://files.pythonhosted.org/packages/ef/fb/51d458625cd6134d60ac15180ae50995d7d21b0f2f92a6286ae7b0792d19/numpy-2.2.0-cp313-cp313t-macosx_10_13_x86_64.whl", hash = "sha256:7832f9e8eb00be32f15fdfb9a981d6955ea9adc8574c521d48710171b6c55e95", size = 20920160 },
    { url = "https://files.pythonhosted.org/packages/b4/34/162ae0c5d2536ea4be98c813b5161c980f0443cd5765fde16ddfe3450140/numpy-2.2.0-cp313-cp313t-macosx_11_0_arm64.whl", hash = "sha256:f0dd071b95bbca244f4cb7f70b77d2ff3aaaba7fa16dc41f58d14854a6204e6c", size = 14119064 },
    { url = "https://files.pythonhosted.org/packages/17/6c/4195dd0e1c41c55f466d516e17e9e28510f32af76d23061ea3da67438e3c/numpy-2.2.0-cp313-cp313t-macosx_14_0_arm64.whl", hash = "sha256:b0b227dcff8cdc3efbce66d4e50891f04d0a387cce282fe1e66199146a6a8fca", size = 5152778 },
    { url = "https://files.pythonhosted.org/packages/2f/47/ea804ae525832c8d05ed85b560dfd242d34e4bb0962bc269ccaa720fb934/numpy-2.2.0-cp313-cp313t-macosx_14_0_x86_64.whl", hash = "sha256:6ab153263a7c5ccaf6dfe7e53447b74f77789f28ecb278c3b5d49db7ece10d6d", size = 6667605 },
    { url = "https://files.pythonhosted.org/packages/76/99/34d20e50b3d894bb16b5374bfbee399ab8ff3a33bf1e1f0b8acfe7bbd70d/numpy-2.2.0-cp313-cp313t-manylinux_2_17_aarch64.manylinux2014_aarch64.whl", hash = "sha256:e500aba968a48e9019e42c0c199b7ec0696a97fa69037bea163b55398e390529", size = 14013275 },
    { url = "https://files.pythonhosted.org/packages/69/8f/a1df7bd02d434ab82539517d1b98028985700cfc4300bc5496fb140ca648/numpy-2.2.0-cp313-cp313t-manylinux_2_17_x86_64.manylinux2014_x86_64.whl", hash = "sha256:440cfb3db4c5029775803794f8638fbdbf71ec702caf32735f53b008e1eaece3", size = 16074900 },
    { url = "https://files.pythonhosted.org/packages/04/94/b419e7a76bf21a00fcb03c613583f10e389fdc8dfe420412ff5710c8ad3d/numpy-2.2.0-cp313-cp313t-musllinux_1_2_aarch64.whl", hash = "sha256:a55dc7a7f0b6198b07ec0cd445fbb98b05234e8b00c5ac4874a63372ba98d4ab", size = 15219122 },
    { url = "https://files.pythonhosted.org/packages/65/d9/dddf398b2b6c5d750892a207a469c2854a8db0f033edaf72103af8cf05aa/numpy-2.2.0-cp313-cp313t-musllinux_1_2_x86_64.whl", hash = "sha256:4bddbaa30d78c86329b26bd6aaaea06b1e47444da99eddac7bf1e2fab717bd72", size = 17851668 },
    { url = "https://files.pythonhosted.org/packages/d4/dc/09a4e5819a9782a213c0eb4eecacdc1cd75ad8dac99279b04cfccb7eeb0a/numpy-2.2.0-cp313-cp313t-win32.whl", hash = "sha256:30bf971c12e4365153afb31fc73f441d4da157153f3400b82db32d04de1e4066", size = 6325288 },
    { url = "https://files.pythonhosted.org/packages/ce/e1/e0d06ec34036c92b43aef206efe99a5f5f04e12c776eab82a36e00c40afc/numpy-2.2.0-cp313-cp313t-win_amd64.whl", hash = "sha256:d35717333b39d1b6bb8433fa758a55f1081543de527171543a2b710551d40881", size = 12692303 },
]

[[package]]
name = "packaging"
version = "24.2"
source = { registry = "https://pypi.org/simple" }
sdist = { url = "https://files.pythonhosted.org/packages/d0/63/68dbb6eb2de9cb10ee4c9c14a0148804425e13c4fb20d61cce69f53106da/packaging-24.2.tar.gz", hash = "sha256:c228a6dc5e932d346bc5739379109d49e8853dd8223571c7c5b55260edc0b97f", size = 163950 }
wheels = [
    { url = "https://files.pythonhosted.org/packages/88/ef/eb23f262cca3c0c4eb7ab1933c3b1f03d021f2c48f54763065b6f0e321be/packaging-24.2-py3-none-any.whl", hash = "sha256:09abb1bccd265c01f4a3aa3f7a7db064b36514d2cba19a2f694fe6150451a759", size = 65451 },
]

[[package]]
name = "pillow"
version = "11.0.0"
source = { registry = "https://pypi.org/simple" }
sdist = { url = "https://files.pythonhosted.org/packages/a5/26/0d95c04c868f6bdb0c447e3ee2de5564411845e36a858cfd63766bc7b563/pillow-11.0.0.tar.gz", hash = "sha256:72bacbaf24ac003fea9bff9837d1eedb6088758d41e100c1552930151f677739", size = 46737780 }
wheels = [
    { url = "https://files.pythonhosted.org/packages/63/24/e2e15e392d00fcf4215907465d8ec2a2f23bcec1481a8ebe4ae760459995/pillow-11.0.0-cp313-cp313-macosx_10_13_x86_64.whl", hash = "sha256:bcd1fb5bb7b07f64c15618c89efcc2cfa3e95f0e3bcdbaf4642509de1942a699", size = 3147300 },
    { url = "https://files.pythonhosted.org/packages/43/72/92ad4afaa2afc233dc44184adff289c2e77e8cd916b3ddb72ac69495bda3/pillow-11.0.0-cp313-cp313-macosx_11_0_arm64.whl", hash = "sha256:0e038b0745997c7dcaae350d35859c9715c71e92ffb7e0f4a8e8a16732150f38", size = 2978742 },
    { url = "https://files.pythonhosted.org/packages/9e/da/c8d69c5bc85d72a8523fe862f05ababdc52c0a755cfe3d362656bb86552b/pillow-11.0.0-cp313-cp313-manylinux_2_17_aarch64.manylinux2014_aarch64.whl", hash = "sha256:0ae08bd8ffc41aebf578c2af2f9d8749d91f448b3bfd41d7d9ff573d74f2a6b2", size = 4194349 },
    { url = "https://files.pythonhosted.org/packages/cd/e8/686d0caeed6b998351d57796496a70185376ed9c8ec7d99e1d19ad591fc6/pillow-11.0.0-cp313-cp313-manylinux_2_17_x86_64.manylinux2014_x86_64.whl", hash = "sha256:d69bfd8ec3219ae71bcde1f942b728903cad25fafe3100ba2258b973bd2bc1b2", size = 4298714 },
    { url = "https://files.pythonhosted.org/packages/ec/da/430015cec620d622f06854be67fd2f6721f52fc17fca8ac34b32e2d60739/pillow-11.0.0-cp313-cp313-manylinux_2_28_aarch64.whl", hash = "sha256:61b887f9ddba63ddf62fd02a3ba7add935d053b6dd7d58998c630e6dbade8527", size = 4208514 },
    { url = "https://files.pythonhosted.org/packages/44/ae/7e4f6662a9b1cb5f92b9cc9cab8321c381ffbee309210940e57432a4063a/pillow-11.0.0-cp313-cp313-manylinux_2_28_x86_64.whl", hash = "sha256:c6a660307ca9d4867caa8d9ca2c2658ab685de83792d1876274991adec7b93fa", size = 4380055 },
    { url = "https://files.pythonhosted.org/packages/74/d5/1a807779ac8a0eeed57f2b92a3c32ea1b696e6140c15bd42eaf908a261cd/pillow-11.0.0-cp313-cp313-musllinux_1_2_aarch64.whl", hash = "sha256:73e3a0200cdda995c7e43dd47436c1548f87a30bb27fb871f352a22ab8dcf45f", size = 4296751 },
    { url = "https://files.pythonhosted.org/packages/38/8c/5fa3385163ee7080bc13026d59656267daaaaf3c728c233d530e2c2757c8/pillow-11.0.0-cp313-cp313-musllinux_1_2_x86_64.whl", hash = "sha256:fba162b8872d30fea8c52b258a542c5dfd7b235fb5cb352240c8d63b414013eb", size = 4430378 },
    { url = "https://files.pythonhosted.org/packages/ca/1d/ad9c14811133977ff87035bf426875b93097fb50af747793f013979facdb/pillow-11.0.0-cp313-cp313-win32.whl", hash = "sha256:f1b82c27e89fffc6da125d5eb0ca6e68017faf5efc078128cfaa42cf5cb38798", size = 2249588 },
    { url = "https://files.pythonhosted.org/packages/fb/01/3755ba287dac715e6afdb333cb1f6d69740a7475220b4637b5ce3d78cec2/pillow-11.0.0-cp313-cp313-win_amd64.whl", hash = "sha256:8ba470552b48e5835f1d23ecb936bb7f71d206f9dfeee64245f30c3270b994de", size = 2567509 },
    { url = "https://files.pythonhosted.org/packages/c0/98/2c7d727079b6be1aba82d195767d35fcc2d32204c7a5820f822df5330152/pillow-11.0.0-cp313-cp313-win_arm64.whl", hash = "sha256:846e193e103b41e984ac921b335df59195356ce3f71dcfd155aa79c603873b84", size = 2254791 },
    { url = "https://files.pythonhosted.org/packages/eb/38/998b04cc6f474e78b563716b20eecf42a2fa16a84589d23c8898e64b0ffd/pillow-11.0.0-cp313-cp313t-macosx_10_13_x86_64.whl", hash = "sha256:4ad70c4214f67d7466bea6a08061eba35c01b1b89eaa098040a35272a8efb22b", size = 3150854 },
    { url = "https://files.pythonhosted.org/packages/13/8e/be23a96292113c6cb26b2aa3c8b3681ec62b44ed5c2bd0b258bd59503d3c/pillow-11.0.0-cp313-cp313t-macosx_11_0_arm64.whl", hash = "sha256:6ec0d5af64f2e3d64a165f490d96368bb5dea8b8f9ad04487f9ab60dc4bb6003", size = 2982369 },
    { url = "https://files.pythonhosted.org/packages/97/8a/3db4eaabb7a2ae8203cd3a332a005e4aba00067fc514aaaf3e9721be31f1/pillow-11.0.0-cp313-cp313t-manylinux_2_17_x86_64.manylinux2014_x86_64.whl", hash = "sha256:c809a70e43c7977c4a42aefd62f0131823ebf7dd73556fa5d5950f5b354087e2", size = 4333703 },
    { url = "https://files.pythonhosted.org/packages/28/ac/629ffc84ff67b9228fe87a97272ab125bbd4dc462745f35f192d37b822f1/pillow-11.0.0-cp313-cp313t-manylinux_2_28_x86_64.whl", hash = "sha256:4b60c9520f7207aaf2e1d94de026682fc227806c6e1f55bba7606d1c94dd623a", size = 4412550 },
    { url = "https://files.pythonhosted.org/packages/d6/07/a505921d36bb2df6868806eaf56ef58699c16c388e378b0dcdb6e5b2fb36/pillow-11.0.0-cp313-cp313t-musllinux_1_2_x86_64.whl", hash = "sha256:1e2688958a840c822279fda0086fec1fdab2f95bf2b717b66871c4ad9859d7e8", size = 4461038 },
    { url = "https://files.pythonhosted.org/packages/d6/b9/fb620dd47fc7cc9678af8f8bd8c772034ca4977237049287e99dda360b66/pillow-11.0.0-cp313-cp313t-win32.whl", hash = "sha256:607bbe123c74e272e381a8d1957083a9463401f7bd01287f50521ecb05a313f8", size = 2253197 },
    { url = "https://files.pythonhosted.org/packages/df/86/25dde85c06c89d7fc5db17940f07aae0a56ac69aa9ccb5eb0f09798862a8/pillow-11.0.0-cp313-cp313t-win_amd64.whl", hash = "sha256:5c39ed17edea3bc69c743a8dd3e9853b7509625c2462532e62baa0732163a904", size = 2572169 },
    { url = "https://files.pythonhosted.org/packages/51/85/9c33f2517add612e17f3381aee7c4072779130c634921a756c97bc29fb49/pillow-11.0.0-cp313-cp313t-win_arm64.whl", hash = "sha256:75acbbeb05b86bc53cbe7b7e6fe00fbcf82ad7c684b3ad82e3d711da9ba287d3", size = 2256828 },
]

[[package]]
name = "platformdirs"
version = "4.3.7"
source = { registry = "https://pypi.org/simple" }
sdist = { url = "https://files.pythonhosted.org/packages/b6/2d/7d512a3913d60623e7eb945c6d1b4f0bddf1d0b7ada5225274c87e5b53d1/platformdirs-4.3.7.tar.gz", hash = "sha256:eb437d586b6a0986388f0d6f74aa0cde27b48d0e3d66843640bfb6bdcdb6e351", size = 21291 }
wheels = [
    { url = "https://files.pythonhosted.org/packages/6d/45/59578566b3275b8fd9157885918fcd0c4d74162928a5310926887b856a51/platformdirs-4.3.7-py3-none-any.whl", hash = "sha256:a03875334331946f13c549dbd8f4bac7a13a50a895a0eb1e8c6a8ace80d40a94", size = 18499 },
]

[[package]]
name = "pre-commit"
version = "4.2.0"
source = { registry = "https://pypi.org/simple" }
dependencies = [
    { name = "cfgv" },
    { name = "identify" },
    { name = "nodeenv" },
    { name = "pyyaml" },
    { name = "virtualenv" },
]
sdist = { url = "https://files.pythonhosted.org/packages/08/39/679ca9b26c7bb2999ff122d50faa301e49af82ca9c066ec061cfbc0c6784/pre_commit-4.2.0.tar.gz", hash = "sha256:601283b9757afd87d40c4c4a9b2b5de9637a8ea02eaff7adc2d0fb4e04841146", size = 193424 }
wheels = [
    { url = "https://files.pythonhosted.org/packages/88/74/a88bf1b1efeae488a0c0b7bdf71429c313722d1fc0f377537fbe554e6180/pre_commit-4.2.0-py2.py3-none-any.whl", hash = "sha256:a009ca7205f1eb497d10b845e52c838a98b6cdd2102a6c8e4540e94ee75c58bd", size = 220707 },
]

[[package]]
name = "pyparsing"
version = "3.2.0"
source = { registry = "https://pypi.org/simple" }
sdist = { url = "https://files.pythonhosted.org/packages/8c/d5/e5aeee5387091148a19e1145f63606619cb5f20b83fccb63efae6474e7b2/pyparsing-3.2.0.tar.gz", hash = "sha256:cbf74e27246d595d9a74b186b810f6fbb86726dbf3b9532efb343f6d7294fe9c", size = 920984 }
wheels = [
    { url = "https://files.pythonhosted.org/packages/be/ec/2eb3cd785efd67806c46c13a17339708ddc346cbb684eade7a6e6f79536a/pyparsing-3.2.0-py3-none-any.whl", hash = "sha256:93d9577b88da0bbea8cc8334ee8b918ed014968fd2ec383e868fb8afb1ccef84", size = 106921 },
]

[[package]]
name = "python-dateutil"
version = "2.9.0.post0"
source = { registry = "https://pypi.org/simple" }
dependencies = [
    { name = "six" },
]
sdist = { url = "https://files.pythonhosted.org/packages/66/c0/0c8b6ad9f17a802ee498c46e004a0eb49bc148f2fd230864601a86dcf6db/python-dateutil-2.9.0.post0.tar.gz", hash = "sha256:37dd54208da7e1cd875388217d5e00ebd4179249f90fb72437e91a35459a0ad3", size = 342432 }
wheels = [
    { url = "https://files.pythonhosted.org/packages/ec/57/56b9bcc3c9c6a792fcbaf139543cee77261f3651ca9da0c93f5c1221264b/python_dateutil-2.9.0.post0-py2.py3-none-any.whl", hash = "sha256:a8b2bc7bffae282281c8140a97d3aa9c14da0b136dfe83f850eea9a5f7470427", size = 229892 },
]

[[package]]
name = "pyyaml"
version = "6.0.2"
source = { registry = "https://pypi.org/simple" }
sdist = { url = "https://files.pythonhosted.org/packages/54/ed/79a089b6be93607fa5cdaedf301d7dfb23af5f25c398d5ead2525b063e17/pyyaml-6.0.2.tar.gz", hash = "sha256:d584d9ec91ad65861cc08d42e834324ef890a082e591037abe114850ff7bbc3e", size = 130631 }
wheels = [
    { url = "https://files.pythonhosted.org/packages/ef/e3/3af305b830494fa85d95f6d95ef7fa73f2ee1cc8ef5b495c7c3269fb835f/PyYAML-6.0.2-cp313-cp313-macosx_10_13_x86_64.whl", hash = "sha256:efdca5630322a10774e8e98e1af481aad470dd62c3170801852d752aa7a783ba", size = 181309 },
    { url = "https://files.pythonhosted.org/packages/45/9f/3b1c20a0b7a3200524eb0076cc027a970d320bd3a6592873c85c92a08731/PyYAML-6.0.2-cp313-cp313-macosx_11_0_arm64.whl", hash = "sha256:50187695423ffe49e2deacb8cd10510bc361faac997de9efef88badc3bb9e2d1", size = 171679 },
    { url = "https://files.pythonhosted.org/packages/7c/9a/337322f27005c33bcb656c655fa78325b730324c78620e8328ae28b64d0c/PyYAML-6.0.2-cp313-cp313-manylinux_2_17_aarch64.manylinux2014_aarch64.whl", hash = "sha256:0ffe8360bab4910ef1b9e87fb812d8bc0a308b0d0eef8c8f44e0254ab3b07133", size = 733428 },
    { url = "https://files.pythonhosted.org/packages/a3/69/864fbe19e6c18ea3cc196cbe5d392175b4cf3d5d0ac1403ec3f2d237ebb5/PyYAML-6.0.2-cp313-cp313-manylinux_2_17_s390x.manylinux2014_s390x.whl", hash = "sha256:17e311b6c678207928d649faa7cb0d7b4c26a0ba73d41e99c4fff6b6c3276484", size = 763361 },
    { url = "https://files.pythonhosted.org/packages/04/24/b7721e4845c2f162d26f50521b825fb061bc0a5afcf9a386840f23ea19fa/PyYAML-6.0.2-cp313-cp313-manylinux_2_17_x86_64.manylinux2014_x86_64.whl", hash = "sha256:70b189594dbe54f75ab3a1acec5f1e3faa7e8cf2f1e08d9b561cb41b845f69d5", size = 759523 },
    { url = "https://files.pythonhosted.org/packages/2b/b2/e3234f59ba06559c6ff63c4e10baea10e5e7df868092bf9ab40e5b9c56b6/PyYAML-6.0.2-cp313-cp313-musllinux_1_1_aarch64.whl", hash = "sha256:41e4e3953a79407c794916fa277a82531dd93aad34e29c2a514c2c0c5fe971cc", size = 726660 },
    { url = "https://files.pythonhosted.org/packages/fe/0f/25911a9f080464c59fab9027482f822b86bf0608957a5fcc6eaac85aa515/PyYAML-6.0.2-cp313-cp313-musllinux_1_1_x86_64.whl", hash = "sha256:68ccc6023a3400877818152ad9a1033e3db8625d899c72eacb5a668902e4d652", size = 751597 },
    { url = "https://files.pythonhosted.org/packages/14/0d/e2c3b43bbce3cf6bd97c840b46088a3031085179e596d4929729d8d68270/PyYAML-6.0.2-cp313-cp313-win32.whl", hash = "sha256:bc2fa7c6b47d6bc618dd7fb02ef6fdedb1090ec036abab80d4681424b84c1183", size = 140527 },
    { url = "https://files.pythonhosted.org/packages/fa/de/02b54f42487e3d3c6efb3f89428677074ca7bf43aae402517bc7cca949f3/PyYAML-6.0.2-cp313-cp313-win_amd64.whl", hash = "sha256:8388ee1976c416731879ac16da0aff3f63b286ffdd57cdeb95f3f2e085687563", size = 156446 },
]

[[package]]
name = "ruff"
version = "0.11.2"
source = { registry = "https://pypi.org/simple" }
sdist = { url = "https://files.pythonhosted.org/packages/90/61/fb87430f040e4e577e784e325351186976516faef17d6fcd921fe28edfd7/ruff-0.11.2.tar.gz", hash = "sha256:ec47591497d5a1050175bdf4e1a4e6272cddff7da88a2ad595e1e326041d8d94", size = 3857511 }
wheels = [
    { url = "https://files.pythonhosted.org/packages/62/99/102578506f0f5fa29fd7e0df0a273864f79af044757aef73d1cae0afe6ad/ruff-0.11.2-py3-none-linux_armv6l.whl", hash = "sha256:c69e20ea49e973f3afec2c06376eb56045709f0212615c1adb0eda35e8a4e477", size = 10113146 },
    { url = "https://files.pythonhosted.org/packages/74/ad/5cd4ba58ab602a579997a8494b96f10f316e874d7c435bcc1a92e6da1b12/ruff-0.11.2-py3-none-macosx_10_12_x86_64.whl", hash = "sha256:2c5424cc1c4eb1d8ecabe6d4f1b70470b4f24a0c0171356290b1953ad8f0e272", size = 10867092 },
    { url = "https://files.pythonhosted.org/packages/fc/3e/d3f13619e1d152c7b600a38c1a035e833e794c6625c9a6cea6f63dbf3af4/ruff-0.11.2-py3-none-macosx_11_0_arm64.whl", hash = "sha256:ecf20854cc73f42171eedb66f006a43d0a21bfb98a2523a809931cda569552d9", size = 10224082 },
    { url = "https://files.pythonhosted.org/packages/90/06/f77b3d790d24a93f38e3806216f263974909888fd1e826717c3ec956bbcd/ruff-0.11.2-py3-none-manylinux_2_17_aarch64.manylinux2014_aarch64.whl", hash = "sha256:0c543bf65d5d27240321604cee0633a70c6c25c9a2f2492efa9f6d4b8e4199bb", size = 10394818 },
    { url = "https://files.pythonhosted.org/packages/99/7f/78aa431d3ddebfc2418cd95b786642557ba8b3cb578c075239da9ce97ff9/ruff-0.11.2-py3-none-manylinux_2_17_armv7l.manylinux2014_armv7l.whl", hash = "sha256:20967168cc21195db5830b9224be0e964cc9c8ecf3b5a9e3ce19876e8d3a96e3", size = 9952251 },
    { url = "https://files.pythonhosted.org/packages/30/3e/f11186d1ddfaca438c3bbff73c6a2fdb5b60e6450cc466129c694b0ab7a2/ruff-0.11.2-py3-none-manylinux_2_17_i686.manylinux2014_i686.whl", hash = "sha256:955a9ce63483999d9f0b8f0b4a3ad669e53484232853054cc8b9d51ab4c5de74", size = 11563566 },
    { url = "https://files.pythonhosted.org/packages/22/6c/6ca91befbc0a6539ee133d9a9ce60b1a354db12c3c5d11cfdbf77140f851/ruff-0.11.2-py3-none-manylinux_2_17_ppc64.manylinux2014_ppc64.whl", hash = "sha256:86b3a27c38b8fce73bcd262b0de32e9a6801b76d52cdb3ae4c914515f0cef608", size = 12208721 },
    { url = "https://files.pythonhosted.org/packages/19/b0/24516a3b850d55b17c03fc399b681c6a549d06ce665915721dc5d6458a5c/ruff-0.11.2-py3-none-manylinux_2_17_ppc64le.manylinux2014_ppc64le.whl", hash = "sha256:a3b66a03b248c9fcd9d64d445bafdf1589326bee6fc5c8e92d7562e58883e30f", size = 11662274 },
    { url = "https://files.pythonhosted.org/packages/d7/65/76be06d28ecb7c6070280cef2bcb20c98fbf99ff60b1c57d2fb9b8771348/ruff-0.11.2-py3-none-manylinux_2_17_s390x.manylinux2014_s390x.whl", hash = "sha256:0397c2672db015be5aa3d4dac54c69aa012429097ff219392c018e21f5085147", size = 13792284 },
    { url = "https://files.pythonhosted.org/packages/ce/d2/4ceed7147e05852876f3b5f3fdc23f878ce2b7e0b90dd6e698bda3d20787/ruff-0.11.2-py3-none-manylinux_2_17_x86_64.manylinux2014_x86_64.whl", hash = "sha256:869bcf3f9abf6457fbe39b5a37333aa4eecc52a3b99c98827ccc371a8e5b6f1b", size = 11327861 },
    { url = "https://files.pythonhosted.org/packages/c4/78/4935ecba13706fd60ebe0e3dc50371f2bdc3d9bc80e68adc32ff93914534/ruff-0.11.2-py3-none-musllinux_1_2_aarch64.whl", hash = "sha256:2a2b50ca35457ba785cd8c93ebbe529467594087b527a08d487cf0ee7b3087e9", size = 10276560 },
    { url = "https://files.pythonhosted.org/packages/81/7f/1b2435c3f5245d410bb5dc80f13ec796454c21fbda12b77d7588d5cf4e29/ruff-0.11.2-py3-none-musllinux_1_2_armv7l.whl", hash = "sha256:7c69c74bf53ddcfbc22e6eb2f31211df7f65054bfc1f72288fc71e5f82db3eab", size = 9945091 },
    { url = "https://files.pythonhosted.org/packages/39/c4/692284c07e6bf2b31d82bb8c32f8840f9d0627d92983edaac991a2b66c0a/ruff-0.11.2-py3-none-musllinux_1_2_i686.whl", hash = "sha256:6e8fb75e14560f7cf53b15bbc55baf5ecbe373dd5f3aab96ff7aa7777edd7630", size = 10977133 },
    { url = "https://files.pythonhosted.org/packages/94/cf/8ab81cb7dd7a3b0a3960c2769825038f3adcd75faf46dd6376086df8b128/ruff-0.11.2-py3-none-musllinux_1_2_x86_64.whl", hash = "sha256:842a472d7b4d6f5924e9297aa38149e5dcb1e628773b70e6387ae2c97a63c58f", size = 11378514 },
    { url = "https://files.pythonhosted.org/packages/d9/3a/a647fa4f316482dacf2fd68e8a386327a33d6eabd8eb2f9a0c3d291ec549/ruff-0.11.2-py3-none-win32.whl", hash = "sha256:aca01ccd0eb5eb7156b324cfaa088586f06a86d9e5314b0eb330cb48415097cc", size = 10319835 },
    { url = "https://files.pythonhosted.org/packages/86/54/3c12d3af58012a5e2cd7ebdbe9983f4834af3f8cbea0e8a8c74fa1e23b2b/ruff-0.11.2-py3-none-win_amd64.whl", hash = "sha256:3170150172a8f994136c0c66f494edf199a0bbea7a409f649e4bc8f4d7084080", size = 11373713 },
    { url = "https://files.pythonhosted.org/packages/d6/d4/dd813703af8a1e2ac33bf3feb27e8a5ad514c9f219df80c64d69807e7f71/ruff-0.11.2-py3-none-win_arm64.whl", hash = "sha256:52933095158ff328f4c77af3d74f0379e34fd52f175144cefc1b192e7ccd32b4", size = 10441990 },
]

[[package]]
name = "six"
version = "1.17.0"
source = { registry = "https://pypi.org/simple" }
sdist = { url = "https://files.pythonhosted.org/packages/94/e7/b2c673351809dca68a0e064b6af791aa332cf192da575fd474ed7d6f16a2/six-1.17.0.tar.gz", hash = "sha256:ff70335d468e7eb6ec65b95b99d3a2836546063f63acc5171de367e834932a81", size = 34031 }
wheels = [
    { url = "https://files.pythonhosted.org/packages/b7/ce/149a00dd41f10bc29e5921b496af8b574d8413afcd5e30dfa0ed46c2cc5e/six-1.17.0-py2.py3-none-any.whl", hash = "sha256:4721f391ed90541fddacab5acf947aa0d3dc7d27b2e1e8eda2be8970586c3274", size = 11050 },
]

[[package]]
name = "swarm-squad-ep1"
version = "0.1.0"
source = { editable = "." }
dependencies = [
    { name = "cfgv" },
    { name = "contourpy" },
    { name = "cycler" },
    { name = "distlib" },
    { name = "filelock" },
    { name = "fonttools" },
    { name = "identify" },
    { name = "kiwisolver" },
    { name = "matplotlib" },
    { name = "nodeenv" },
    { name = "numpy" },
    { name = "packaging" },
    { name = "pillow" },
    { name = "platformdirs" },
    { name = "pre-commit" },
    { name = "pyparsing" },
    { name = "python-dateutil" },
    { name = "pyyaml" },
    { name = "ruff" },
    { name = "six" },
    { name = "virtualenv" },
]

[package.dev-dependencies]
dev = [
    { name = "pre-commit" },
    { name = "ruff" },
]

[package.metadata]
requires-dist = [
    { name = "cfgv", specifier = "==3.4.0" },
    { name = "contourpy", specifier = "==1.3.1" },
    { name = "cycler", specifier = "==0.12.1" },
    { name = "distlib", specifier = "==0.3.9" },
    { name = "filelock", specifier = "==3.18.0" },
    { name = "fonttools", specifier = "==4.55.3" },
    { name = "identify", specifier = "==2.6.9" },
    { name = "kiwisolver", specifier = "==1.4.7" },
    { name = "matplotlib", specifier = "==3.10.0" },
    { name = "nodeenv", specifier = "==1.9.1" },
    { name = "numpy", specifier = "==2.2.0" },
    { name = "packaging", specifier = "==24.2" },
    { name = "pillow", specifier = "==11.0.0" },
    { name = "platformdirs", specifier = "==4.3.7" },
    { name = "pre-commit", specifier = "==4.2.0" },
    { name = "pyparsing", specifier = "==3.2.0" },
    { name = "python-dateutil", specifier = "==2.9.0.post0" },
    { name = "pyyaml", specifier = "==6.0.2" },
    { name = "ruff", specifier = "==0.11.2" },
    { name = "six", specifier = "==1.17.0" },
    { name = "virtualenv", specifier = "==20.29.3" },
]

[package.metadata.requires-dev]
dev = [
    { name = "pre-commit", specifier = ">=4.0.0" },
    { name = "ruff", specifier = ">=0.11.0" },
]

[[package]]
name = "virtualenv"
version = "20.29.3"
source = { registry = "https://pypi.org/simple" }
dependencies = [
    { name = "distlib" },
    { name = "filelock" },
    { name = "platformdirs" },
]
sdist = { url = "https://files.pythonhosted.org/packages/c7/9c/57d19fa093bcf5ac61a48087dd44d00655f85421d1aa9722f8befbf3f40a/virtualenv-20.29.3.tar.gz", hash = "sha256:95e39403fcf3940ac45bc717597dba16110b74506131845d9b687d5e73d947ac", size = 4320280 }
wheels = [
    { url = "https://files.pythonhosted.org/packages/c2/eb/c6db6e3001d58c6a9e67c74bb7b4206767caa3ccc28c6b9eaf4c23fb4e34/virtualenv-20.29.3-py3-none-any.whl", hash = "sha256:3e3d00f5807e83b234dfb6122bf37cfadf4be216c53a49ac059d02414f819170", size = 4301458 },
]
